
Microsoft Visual Studio Solution File, Format Version 12.00
# Visual Studio Version 17
VisualStudioVersion = 17.6.33815.320
MinimumVisualStudioVersion = 10.0.40219.1
Project("{2150E333-8FDC-42A3-9474-1A3956D46DE8}") = "Lesson-1", "Lesson-1", "{DBB78042-69E0-44FB-ADBF-F82763E2AB22}"
EndProject
Project("{2150E333-8FDC-42A3-9474-1A3956D46DE8}") = "Lesson-2", "Lesson-2", "{E4B26444-4615-45BA-912C-5E774A46E557}"
EndProject
Project("{2150E333-8FDC-42A3-9474-1A3956D46DE8}") = "HomeTasks", "HomeTasks", "{F8257899-03E9-47AF-9964-25540859FFCA}"
EndProject
Project("{9A19103F-16F7-4668-BE54-9A1E7A4F7556}") = "HT-1", "HT-1\HT-1.csproj", "{4613FB0B-CDF3-41DA-8994-E9FB39D1165E}"
EndProject
Project("{2150E333-8FDC-42A3-9474-1A3956D46DE8}") = "Lesson-3", "Lesson-3", "{C11F4604-5531-4AF7-AA3C-6DEA0285EB49}"
EndProject
Project("{9A19103F-16F7-4668-BE54-9A1E7A4F7556}") = "ageCount", "ageCount\ageCount.csproj", "{4A465B00-B480-4B14-AF44-4932E10A5472}"
EndProject
Project("{2150E333-8FDC-42A3-9474-1A3956D46DE8}") = "tasks", "tasks", "{35E87AE7-5DA5-4310-9556-DB9DF22E045B}"
EndProject
Project("{9A19103F-16F7-4668-BE54-9A1E7A4F7556}") = "T1", "T1\T1.csproj", "{2F2077E6-4D4D-48DC-B843-1DBAEFF69683}"
EndProject
Project("{9A19103F-16F7-4668-BE54-9A1E7A4F7556}") = "T2", "T2\T2.csproj", "{73A08222-D929-46E0-9627-D5F32E8051E4}"
EndProject
Project("{9A19103F-16F7-4668-BE54-9A1E7A4F7556}") = "T3", "T3\T3.csproj", "{29C8570C-42CC-4244-8C98-93AF8DE85341}"
EndProject
Project("{9A19103F-16F7-4668-BE54-9A1E7A4F7556}") = "T4", "T4\T4.csproj", "{85F7408A-DA4F-41E7-916F-8DD804109646}"
EndProject
Project("{9A19103F-16F7-4668-BE54-9A1E7A4F7556}") = "T5", "T5\T5.csproj", "{06C88B00-09CB-4FCF-8AB4-3EC56E9A746A}"
EndProject
Project("{9A19103F-16F7-4668-BE54-9A1E7A4F7556}") = "HT-2", "HT-2\HT-2.csproj", "{9588B58E-8850-4F44-8ACD-7343AB80D564}"
EndProject
Project("{2150E333-8FDC-42A3-9474-1A3956D46DE8}") = "Hometasks", "Hometasks", "{40C4A564-1AD7-43D0-A5E7-05D8A79F2BDE}"
EndProject
Project("{9A19103F-16F7-4668-BE54-9A1E7A4F7556}") = "N3-HT1", "N3-HT1\N3-HT1.csproj", "{93329080-81B4-40A6-84EE-8580CBB15325}"
EndProject
Project("{9A19103F-16F7-4668-BE54-9A1E7A4F7556}") = "N3-HT2", "N3-HT2\N3-HT2.csproj", "{1883B327-5B10-43C1-9A0F-5BA0CE5138A4}"
EndProject
Project("{2150E333-8FDC-42A3-9474-1A3956D46DE8}") = "Lesson-4", "Lesson-4", "{340E0738-DDBF-43DD-A100-45EEE2A55E90}"
EndProject
Project("{2150E333-8FDC-42A3-9474-1A3956D46DE8}") = "task", "task", "{FE9DF63E-6A21-4850-BBC3-D892F5599701}"
EndProject
Project("{9A19103F-16F7-4668-BE54-9A1E7A4F7556}") = "maleOrFemale", "maleOrFemale\maleOrFemale.csproj", "{5798D66E-9D8E-4687-B72D-F76ACC523903}"
EndProject
Project("{9A19103F-16F7-4668-BE54-9A1E7A4F7556}") = "task-2", "task-2\task-2.csproj", "{070E64E1-3817-479E-978B-A2DB71D603BF}"
EndProject
Project("{2150E333-8FDC-42A3-9474-1A3956D46DE8}") = "hometask", "hometask", "{343AB020-C017-4706-A221-BC638B0F7E61}"
EndProject
Project("{FAE04EC0-301F-11D3-BF4B-00C04F79EFBC}") = "N4-HT1", "N4-HT1\N4-HT1.csproj", "{13D9584D-A003-4443-89D5-01CAC89B87ED}"
EndProject
Project("{FAE04EC0-301F-11D3-BF4B-00C04F79EFBC}") = "N4-HT2", "N4-HT2\N4-HT2.csproj", "{14BDA6AD-51A2-48C3-9087-E2DC928C5AC5}"
EndProject
Global
	GlobalSection(SolutionConfigurationPlatforms) = preSolution
		Debug|Any CPU = Debug|Any CPU
		Release|Any CPU = Release|Any CPU
	EndGlobalSection
	GlobalSection(ProjectConfigurationPlatforms) = postSolution
		{4613FB0B-CDF3-41DA-8994-E9FB39D1165E}.Debug|Any CPU.ActiveCfg = Debug|Any CPU
		{4613FB0B-CDF3-41DA-8994-E9FB39D1165E}.Debug|Any CPU.Build.0 = Debug|Any CPU
		{4613FB0B-CDF3-41DA-8994-E9FB39D1165E}.Release|Any CPU.ActiveCfg = Release|Any CPU
		{4613FB0B-CDF3-41DA-8994-E9FB39D1165E}.Release|Any CPU.Build.0 = Release|Any CPU
		{4A465B00-B480-4B14-AF44-4932E10A5472}.Debug|Any CPU.ActiveCfg = Debug|Any CPU
		{4A465B00-B480-4B14-AF44-4932E10A5472}.Debug|Any CPU.Build.0 = Debug|Any CPU
		{4A465B00-B480-4B14-AF44-4932E10A5472}.Release|Any CPU.ActiveCfg = Release|Any CPU
		{4A465B00-B480-4B14-AF44-4932E10A5472}.Release|Any CPU.Build.0 = Release|Any CPU
		{2F2077E6-4D4D-48DC-B843-1DBAEFF69683}.Debug|Any CPU.ActiveCfg = Debug|Any CPU
		{2F2077E6-4D4D-48DC-B843-1DBAEFF69683}.Debug|Any CPU.Build.0 = Debug|Any CPU
		{2F2077E6-4D4D-48DC-B843-1DBAEFF69683}.Release|Any CPU.ActiveCfg = Release|Any CPU
		{2F2077E6-4D4D-48DC-B843-1DBAEFF69683}.Release|Any CPU.Build.0 = Release|Any CPU
		{73A08222-D929-46E0-9627-D5F32E8051E4}.Debug|Any CPU.ActiveCfg = Debug|Any CPU
		{73A08222-D929-46E0-9627-D5F32E8051E4}.Debug|Any CPU.Build.0 = Debug|Any CPU
		{73A08222-D929-46E0-9627-D5F32E8051E4}.Release|Any CPU.ActiveCfg = Release|Any CPU
		{73A08222-D929-46E0-9627-D5F32E8051E4}.Release|Any CPU.Build.0 = Release|Any CPU
		{29C8570C-42CC-4244-8C98-93AF8DE85341}.Debug|Any CPU.ActiveCfg = Debug|Any CPU
		{29C8570C-42CC-4244-8C98-93AF8DE85341}.Debug|Any CPU.Build.0 = Debug|Any CPU
		{29C8570C-42CC-4244-8C98-93AF8DE85341}.Release|Any CPU.ActiveCfg = Release|Any CPU
		{29C8570C-42CC-4244-8C98-93AF8DE85341}.Release|Any CPU.Build.0 = Release|Any CPU
		{85F7408A-DA4F-41E7-916F-8DD804109646}.Debug|Any CPU.ActiveCfg = Debug|Any CPU
		{85F7408A-DA4F-41E7-916F-8DD804109646}.Debug|Any CPU.Build.0 = Debug|Any CPU
		{85F7408A-DA4F-41E7-916F-8DD804109646}.Release|Any CPU.ActiveCfg = Release|Any CPU
		{85F7408A-DA4F-41E7-916F-8DD804109646}.Release|Any CPU.Build.0 = Release|Any CPU
		{06C88B00-09CB-4FCF-8AB4-3EC56E9A746A}.Debug|Any CPU.ActiveCfg = Debug|Any CPU
		{06C88B00-09CB-4FCF-8AB4-3EC56E9A746A}.Debug|Any CPU.Build.0 = Debug|Any CPU
		{06C88B00-09CB-4FCF-8AB4-3EC56E9A746A}.Release|Any CPU.ActiveCfg = Release|Any CPU
		{06C88B00-09CB-4FCF-8AB4-3EC56E9A746A}.Release|Any CPU.Build.0 = Release|Any CPU
		{9588B58E-8850-4F44-8ACD-7343AB80D564}.Debug|Any CPU.ActiveCfg = Debug|Any CPU
		{9588B58E-8850-4F44-8ACD-7343AB80D564}.Debug|Any CPU.Build.0 = Debug|Any CPU
		{9588B58E-8850-4F44-8ACD-7343AB80D564}.Release|Any CPU.ActiveCfg = Release|Any CPU
		{9588B58E-8850-4F44-8ACD-7343AB80D564}.Release|Any CPU.Build.0 = Release|Any CPU
		{93329080-81B4-40A6-84EE-8580CBB15325}.Debug|Any CPU.ActiveCfg = Debug|Any CPU
		{93329080-81B4-40A6-84EE-8580CBB15325}.Debug|Any CPU.Build.0 = Debug|Any CPU
		{93329080-81B4-40A6-84EE-8580CBB15325}.Release|Any CPU.ActiveCfg = Release|Any CPU
		{93329080-81B4-40A6-84EE-8580CBB15325}.Release|Any CPU.Build.0 = Release|Any CPU
		{1883B327-5B10-43C1-9A0F-5BA0CE5138A4}.Debug|Any CPU.ActiveCfg = Debug|Any CPU
		{1883B327-5B10-43C1-9A0F-5BA0CE5138A4}.Debug|Any CPU.Build.0 = Debug|Any CPU
		{1883B327-5B10-43C1-9A0F-5BA0CE5138A4}.Release|Any CPU.ActiveCfg = Release|Any CPU
		{1883B327-5B10-43C1-9A0F-5BA0CE5138A4}.Release|Any CPU.Build.0 = Release|Any CPU
		{5798D66E-9D8E-4687-B72D-F76ACC523903}.Debug|Any CPU.ActiveCfg = Debug|Any CPU
		{5798D66E-9D8E-4687-B72D-F76ACC523903}.Debug|Any CPU.Build.0 = Debug|Any CPU
		{5798D66E-9D8E-4687-B72D-F76ACC523903}.Release|Any CPU.ActiveCfg = Release|Any CPU
		{5798D66E-9D8E-4687-B72D-F76ACC523903}.Release|Any CPU.Build.0 = Release|Any CPU
		{070E64E1-3817-479E-978B-A2DB71D603BF}.Debug|Any CPU.ActiveCfg = Debug|Any CPU
		{070E64E1-3817-479E-978B-A2DB71D603BF}.Debug|Any CPU.Build.0 = Debug|Any CPU
		{070E64E1-3817-479E-978B-A2DB71D603BF}.Release|Any CPU.ActiveCfg = Release|Any CPU
		{070E64E1-3817-479E-978B-A2DB71D603BF}.Release|Any CPU.Build.0 = Release|Any CPU
		{13D9584D-A003-4443-89D5-01CAC89B87ED}.Debug|Any CPU.ActiveCfg = Debug|Any CPU
		{13D9584D-A003-4443-89D5-01CAC89B87ED}.Debug|Any CPU.Build.0 = Debug|Any CPU
		{13D9584D-A003-4443-89D5-01CAC89B87ED}.Release|Any CPU.ActiveCfg = Release|Any CPU
		{13D9584D-A003-4443-89D5-01CAC89B87ED}.Release|Any CPU.Build.0 = Release|Any CPU
		{14BDA6AD-51A2-48C3-9087-E2DC928C5AC5}.Debug|Any CPU.ActiveCfg = Debug|Any CPU
		{14BDA6AD-51A2-48C3-9087-E2DC928C5AC5}.Debug|Any CPU.Build.0 = Debug|Any CPU
		{14BDA6AD-51A2-48C3-9087-E2DC928C5AC5}.Release|Any CPU.ActiveCfg = Release|Any CPU
		{14BDA6AD-51A2-48C3-9087-E2DC928C5AC5}.Release|Any CPU.Build.0 = Release|Any CPU
	EndGlobalSection
	GlobalSection(SolutionProperties) = preSolution
		HideSolutionNode = FALSE
	EndGlobalSection
	GlobalSection(NestedProjects) = preSolution
		{F8257899-03E9-47AF-9964-25540859FFCA} = {E4B26444-4615-45BA-912C-5E774A46E557}
		{4613FB0B-CDF3-41DA-8994-E9FB39D1165E} = {F8257899-03E9-47AF-9964-25540859FFCA}
		{4A465B00-B480-4B14-AF44-4932E10A5472} = {35E87AE7-5DA5-4310-9556-DB9DF22E045B}
		{35E87AE7-5DA5-4310-9556-DB9DF22E045B} = {C11F4604-5531-4AF7-AA3C-6DEA0285EB49}
		{2F2077E6-4D4D-48DC-B843-1DBAEFF69683} = {35E87AE7-5DA5-4310-9556-DB9DF22E045B}
		{73A08222-D929-46E0-9627-D5F32E8051E4} = {35E87AE7-5DA5-4310-9556-DB9DF22E045B}
		{29C8570C-42CC-4244-8C98-93AF8DE85341} = {35E87AE7-5DA5-4310-9556-DB9DF22E045B}
		{85F7408A-DA4F-41E7-916F-8DD804109646} = {35E87AE7-5DA5-4310-9556-DB9DF22E045B}
		{06C88B00-09CB-4FCF-8AB4-3EC56E9A746A} = {35E87AE7-5DA5-4310-9556-DB9DF22E045B}
		{9588B58E-8850-4F44-8ACD-7343AB80D564} = {F8257899-03E9-47AF-9964-25540859FFCA}
		{40C4A564-1AD7-43D0-A5E7-05D8A79F2BDE} = {C11F4604-5531-4AF7-AA3C-6DEA0285EB49}
		{93329080-81B4-40A6-84EE-8580CBB15325} = {40C4A564-1AD7-43D0-A5E7-05D8A79F2BDE}
		{1883B327-5B10-43C1-9A0F-5BA0CE5138A4} = {40C4A564-1AD7-43D0-A5E7-05D8A79F2BDE}
		{FE9DF63E-6A21-4850-BBC3-D892F5599701} = {340E0738-DDBF-43DD-A100-45EEE2A55E90}
		{5798D66E-9D8E-4687-B72D-F76ACC523903} = {FE9DF63E-6A21-4850-BBC3-D892F5599701}
		{070E64E1-3817-479E-978B-A2DB71D603BF} = {FE9DF63E-6A21-4850-BBC3-D892F5599701}
		{343AB020-C017-4706-A221-BC638B0F7E61} = {340E0738-DDBF-43DD-A100-45EEE2A55E90}
		{13D9584D-A003-4443-89D5-01CAC89B87ED} = {343AB020-C017-4706-A221-BC638B0F7E61}
		{14BDA6AD-51A2-48C3-9087-E2DC928C5AC5} = {343AB020-C017-4706-A221-BC638B0F7E61}
	EndGlobalSection
	GlobalSection(ExtensibilityGlobals) = postSolution
		SolutionGuid = {04CA1428-ADDD-4CED-82D8-CC2BFE4A1D08}
	EndGlobalSection
EndGlobal
