
Microsoft Visual Studio Solution File, Format Version 12.00
# Visual Studio Version 17
VisualStudioVersion = 17.6.33815.320
MinimumVisualStudioVersion = 10.0.40219.1
Project("{2150E333-8FDC-42A3-9474-1A3956D46DE8}") = "Lesson-1", "Lesson-1", "{DBB78042-69E0-44FB-ADBF-F82763E2AB22}"
EndProject
Project("{2150E333-8FDC-42A3-9474-1A3956D46DE8}") = "Lesson-2", "Lesson-2", "{E4B26444-4615-45BA-912C-5E774A46E557}"
EndProject
Project("{2150E333-8FDC-42A3-9474-1A3956D46DE8}") = "HomeTasks", "HomeTasks", "{F8257899-03E9-47AF-9964-25540859FFCA}"
EndProject
Project("{9A19103F-16F7-4668-BE54-9A1E7A4F7556}") = "HT-1", "HT-1\HT-1.csproj", "{4613FB0B-CDF3-41DA-8994-E9FB39D1165E}"
EndProject
Project("{2150E333-8FDC-42A3-9474-1A3956D46DE8}") = "Lesson-3", "Lesson-3", "{C11F4604-5531-4AF7-AA3C-6DEA0285EB49}"
EndProject
Project("{9A19103F-16F7-4668-BE54-9A1E7A4F7556}") = "ageCount", "ageCount\ageCount.csproj", "{4A465B00-B480-4B14-AF44-4932E10A5472}"
EndProject
Project("{2150E333-8FDC-42A3-9474-1A3956D46DE8}") = "tasks", "tasks", "{35E87AE7-5DA5-4310-9556-DB9DF22E045B}"
EndProject
Project("{9A19103F-16F7-4668-BE54-9A1E7A4F7556}") = "T1", "T1\T1.csproj", "{2F2077E6-4D4D-48DC-B843-1DBAEFF69683}"
EndProject
Project("{9A19103F-16F7-4668-BE54-9A1E7A4F7556}") = "T2", "T2\T2.csproj", "{73A08222-D929-46E0-9627-D5F32E8051E4}"
EndProject
Project("{9A19103F-16F7-4668-BE54-9A1E7A4F7556}") = "T3", "T3\T3.csproj", "{29C8570C-42CC-4244-8C98-93AF8DE85341}"
EndProject
Project("{9A19103F-16F7-4668-BE54-9A1E7A4F7556}") = "T4", "T4\T4.csproj", "{85F7408A-DA4F-41E7-916F-8DD804109646}"
EndProject
Project("{9A19103F-16F7-4668-BE54-9A1E7A4F7556}") = "T5", "T5\T5.csproj", "{06C88B00-09CB-4FCF-8AB4-3EC56E9A746A}"
EndProject
Project("{9A19103F-16F7-4668-BE54-9A1E7A4F7556}") = "HT-2", "HT-2\HT-2.csproj", "{9588B58E-8850-4F44-8ACD-7343AB80D564}"
EndProject
Project("{2150E333-8FDC-42A3-9474-1A3956D46DE8}") = "Hometasks", "Hometasks", "{40C4A564-1AD7-43D0-A5E7-05D8A79F2BDE}"
EndProject
Project("{9A19103F-16F7-4668-BE54-9A1E7A4F7556}") = "N3-HT1", "N3-HT1\N3-HT1.csproj", "{93329080-81B4-40A6-84EE-8580CBB15325}"
EndProject
Project("{9A19103F-16F7-4668-BE54-9A1E7A4F7556}") = "N3-HT2", "N3-HT2\N3-HT2.csproj", "{1883B327-5B10-43C1-9A0F-5BA0CE5138A4}"
EndProject
Project("{2150E333-8FDC-42A3-9474-1A3956D46DE8}") = "Lesson-4", "Lesson-4", "{340E0738-DDBF-43DD-A100-45EEE2A55E90}"
EndProject
Project("{2150E333-8FDC-42A3-9474-1A3956D46DE8}") = "task", "task", "{FE9DF63E-6A21-4850-BBC3-D892F5599701}"
EndProject
Project("{9A19103F-16F7-4668-BE54-9A1E7A4F7556}") = "maleOrFemale", "maleOrFemale\maleOrFemale.csproj", "{5798D66E-9D8E-4687-B72D-F76ACC523903}"
EndProject
Project("{9A19103F-16F7-4668-BE54-9A1E7A4F7556}") = "task-2", "task-2\task-2.csproj", "{070E64E1-3817-479E-978B-A2DB71D603BF}"
EndProject
Project("{2150E333-8FDC-42A3-9474-1A3956D46DE8}") = "hometask", "hometask", "{343AB020-C017-4706-A221-BC638B0F7E61}"
EndProject
Project("{9A19103F-16F7-4668-BE54-9A1E7A4F7556}") = "N4-HT1", "N4-HT1\N4-HT1.csproj", "{13D9584D-A003-4443-89D5-01CAC89B87ED}"
EndProject
Project("{9A19103F-16F7-4668-BE54-9A1E7A4F7556}") = "N4-HT2", "N4-HT2\N4-HT2.csproj", "{14BDA6AD-51A2-48C3-9087-E2DC928C5AC5}"
EndProject
Project("{2150E333-8FDC-42A3-9474-1A3956D46DE8}") = "Lesson-5", "Lesson-5", "{DD870A81-D1B0-45D6-8FA2-B57106BD3430}"
EndProject
Project("{2150E333-8FDC-42A3-9474-1A3956D46DE8}") = "tasks", "tasks", "{4BFE2A16-DC0D-4AA7-B5F3-0037481FF809}"
EndProject
Project("{9A19103F-16F7-4668-BE54-9A1E7A4F7556}") = "ariza", "ariza\ariza.csproj", "{FBF1DE18-F878-4305-8DDD-3CCF3CAB2D28}"
EndProject
Project("{9A19103F-16F7-4668-BE54-9A1E7A4F7556}") = "nameSearch", "nameSearch\nameSearch.csproj", "{75EA0C61-07EB-4ECB-AED8-81FDAAE4F7CD}"
EndProject
Project("{2150E333-8FDC-42A3-9474-1A3956D46DE8}") = "hometask", "hometask", "{297CCBAD-5D16-4810-BD20-79B9D870C82B}"
EndProject
Project("{9A19103F-16F7-4668-BE54-9A1E7A4F7556}") = "N5-HT1", "N5-HT1\N5-HT1.csproj", "{C3F9C8B6-48D3-4AD8-928D-561281436485}"
EndProject
Project("{9A19103F-16F7-4668-BE54-9A1E7A4F7556}") = "N5-HT2", "N5-HT2\N5-HT2.csproj", "{3FD492F8-3199-4EE2-B80F-028C958A85A4}"
EndProject
Project("{2150E333-8FDC-42A3-9474-1A3956D46DE8}") = "Lesson-6", "Lesson-6", "{AE7F8838-5762-45E2-A5E8-4350469B7CDF}"
EndProject
Project("{2150E333-8FDC-42A3-9474-1A3956D46DE8}") = "tasks", "tasks", "{6802C5DF-FCA5-4299-A019-92ED904F1B38}"
EndProject
Project("{9A19103F-16F7-4668-BE54-9A1E7A4F7556}") = "AllOne", "AllOne\AllOne.csproj", "{466FE6AE-5A3C-411E-8D09-48A6EA5C3D5F}"
EndProject
Project("{9A19103F-16F7-4668-BE54-9A1E7A4F7556}") = "N6-T1", "birthday\N6-T1.csproj", "{C97A8081-8559-40DE-A3E8-DE0BF870B691}"
EndProject
Project("{2150E333-8FDC-42A3-9474-1A3956D46DE8}") = "hometask", "hometask", "{340CBE41-38FF-4638-8F22-8EEB8ED2F7E0}"
EndProject
Project("{9A19103F-16F7-4668-BE54-9A1E7A4F7556}") = "N6-HT1", "N6-HT1\N6-HT1.csproj", "{93693F55-9EA8-49FA-9349-996372CC2870}"
EndProject
Project("{9A19103F-16F7-4668-BE54-9A1E7A4F7556}") = "N6-HT2", "N6-HT2\N6-HT2.csproj", "{6FD96DE8-0234-4571-B601-637598111CFE}"
EndProject
Project("{2150E333-8FDC-42A3-9474-1A3956D46DE8}") = "Lesson-7", "Lesson-7", "{AAC45E5A-D819-462F-80B3-3F00F802E162}"
EndProject
Project("{9A19103F-16F7-4668-BE54-9A1E7A4F7556}") = "N7-HT1", "N7-HT1\N7-HT1.csproj", "{8949524A-3FA4-4B52-8CC7-BBA63EC99B46}"
EndProject
Project("{2150E333-8FDC-42A3-9474-1A3956D46DE8}") = "Project", "Project", "{3FBBA94F-75B5-48F3-A3AB-964828E6E8AF}"
EndProject
Project("{2150E333-8FDC-42A3-9474-1A3956D46DE8}") = "Lesson-8", "Lesson-8", "{94756443-248D-4514-8D9D-540AEAC70A20}"
EndProject
Project("{2150E333-8FDC-42A3-9474-1A3956D46DE8}") = "hometask", "hometask", "{7450B575-84B0-477A-802F-0F4695DF8A1C}"
EndProject
Project("{9A19103F-16F7-4668-BE54-9A1E7A4F7556}") = "N8-HT1", "N8-HT1\N8-HT1.csproj", "{063DB906-EF50-4866-B8DC-25C78279864B}"
EndProject
Project("{2150E333-8FDC-42A3-9474-1A3956D46DE8}") = "Lesson-9", "Lesson-9", "{7DF6E9C8-182F-4BE0-8749-3ED47D62E58A}"
EndProject
Project("{2150E333-8FDC-42A3-9474-1A3956D46DE8}") = "hometasks", "hometasks", "{18A0C668-32F0-407F-818B-2466DC3DC264}"
EndProject
Project("{9A19103F-16F7-4668-BE54-9A1E7A4F7556}") = "N9-HT1", "N9-HT1\N9-HT1.csproj", "{18BFE868-01E2-424F-86E0-69F7579A7962}"
EndProject
Project("{9A19103F-16F7-4668-BE54-9A1E7A4F7556}") = "N9-HT2", "N9-HT2\N9-HT2.csproj", "{5C029E50-9D9A-4A52-AE61-AFCFC4682988}"
EndProject
Project("{2150E333-8FDC-42A3-9474-1A3956D46DE8}") = "Lesson-10", "Lesson-10", "{B0EF8EAA-BE3A-4660-9503-7EE442515DD6}"
EndProject
Project("{2150E333-8FDC-42A3-9474-1A3956D46DE8}") = "task", "task", "{78EB5C80-33A4-424C-BFB9-4A05B1AC9BCB}"
EndProject
Project("{9A19103F-16F7-4668-BE54-9A1E7A4F7556}") = "market", "market\market.csproj", "{0F10035F-8AF1-4212-8B5A-CC9E6813C0AA}"
EndProject
Project("{9A19103F-16F7-4668-BE54-9A1E7A4F7556}") = "N10-T1", "N10-T1\N10-T1.csproj", "{66FC85A6-494F-426E-8ADB-F1A111D3A6AE}"
EndProject
Project("{9A19103F-16F7-4668-BE54-9A1E7A4F7556}") = "N10-T2", "N10-T2\N10-T2.csproj", "{248C6F5C-1037-40E5-BAAD-18FFF310B71B}"
EndProject
Project("{2150E333-8FDC-42A3-9474-1A3956D46DE8}") = "hometasks", "hometasks", "{FD580A54-DE1D-44A8-82F6-0A1AE73651D7}"
EndProject
Project("{9A19103F-16F7-4668-BE54-9A1E7A4F7556}") = "N10-HT1", "N10-HT1\N10-HT1.csproj", "{8A12738A-3796-42C7-BCE8-4C8144D02B0E}"
EndProject
Project("{9A19103F-16F7-4668-BE54-9A1E7A4F7556}") = "N10-HT2", "N10-HT2\N10-HT2.csproj", "{D5C69E45-F877-43FF-A16D-826C711553B0}"
EndProject
Project("{2150E333-8FDC-42A3-9474-1A3956D46DE8}") = "tasks", "tasks", "{6CE8E179-F338-4105-9B20-475424B1EF59}"
EndProject
Project("{9A19103F-16F7-4668-BE54-9A1E7A4F7556}") = "N10_T1", "N10_T1\N10_T1.csproj", "{5F766D38-8B6A-4776-9CA9-AD77AAA075C5}"
EndProject
Project("{9A19103F-16F7-4668-BE54-9A1E7A4F7556}") = "N10_T2", "N10_T2\N10_T2.csproj", "{6B07A411-74E2-41F1-AE9D-643FDDCF8A91}"
EndProject
Project("{9A19103F-16F7-4668-BE54-9A1E7A4F7556}") = "N10_T3", "N10_T3\N10_T3.csproj", "{76858BF0-7735-4D84-87E2-2D2BE99E7E31}"
EndProject
Project("{2150E333-8FDC-42A3-9474-1A3956D46DE8}") = "Lesson-11", "Lesson-11", "{56D5F41C-71FD-480F-8F6A-0CE1DCF38EB6}"
EndProject
Project("{2150E333-8FDC-42A3-9474-1A3956D46DE8}") = "hometasks", "hometasks", "{873F7250-935F-4B5A-93DA-AD647CF2B231}"
EndProject
Project("{9A19103F-16F7-4668-BE54-9A1E7A4F7556}") = "N11-HT1", "N11-HT1\N11-HT1.csproj", "{381168EF-DE75-48B0-9E58-ADA55A924D30}"
EndProject
Project("{9A19103F-16F7-4668-BE54-9A1E7A4F7556}") = "N11-HT2", "N11-HT2\N11-HT2.csproj", "{A566650E-0FC2-49B0-9D22-5E9E8353D85C}"
EndProject
Project("{2150E333-8FDC-42A3-9474-1A3956D46DE8}") = "Lesson-12", "Lesson-12", "{0F7C74B1-F237-4ABD-A4BB-DE887D32402B}"
EndProject
Project("{2150E333-8FDC-42A3-9474-1A3956D46DE8}") = "tasks", "tasks", "{FFCEE53F-DC17-4E61-89E4-244A27D7486D}"
EndProject
Project("{9A19103F-16F7-4668-BE54-9A1E7A4F7556}") = "N12-T1", "N12-T1\N12-T1.csproj", "{2E2F6E62-EFBC-4E9B-A835-284FA7FCD959}"
EndProject
Project("{9A19103F-16F7-4668-BE54-9A1E7A4F7556}") = "N12-T2", "N12-T2\N12-T2.csproj", "{5F6EE12B-754A-469B-A3E0-5AAF72AEA273}"
EndProject
Project("{2150E333-8FDC-42A3-9474-1A3956D46DE8}") = "Reapeat", "Reapeat", "{C4E279BC-8211-482C-B45C-9BBEF1852EB3}"
EndProject
Project("{9A19103F-16F7-4668-BE54-9A1E7A4F7556}") = "sorting", "sorting\sorting.csproj", "{E5FDF3E8-B833-435D-AD80-F162B4EDB20A}"
EndProject
Project("{9A19103F-16F7-4668-BE54-9A1E7A4F7556}") = "ElementFrequency", "ElementFrequency\ElementFrequency.csproj", "{B3181462-F9B5-4934-8152-6EC85E0388EE}"
EndProject
Project("{9A19103F-16F7-4668-BE54-9A1E7A4F7556}") = "searching", "searching\searching.csproj", "{D91434E1-AF4C-4C68-938B-941F1DE49F3F}"
EndProject
Project("{9A19103F-16F7-4668-BE54-9A1E7A4F7556}") = "Equality", "Equality\Equality.csproj", "{F4E3E8F4-DC77-45AD-A982-B014037346F5}"
EndProject
Project("{2150E333-8FDC-42A3-9474-1A3956D46DE8}") = "hometask", "hometask", "{ACB58B39-7A5C-4DD6-8BE0-0EE10E2F3CC7}"
EndProject
Project("{9A19103F-16F7-4668-BE54-9A1E7A4F7556}") = "N12-HT1", "N12-HT1\N12-HT1.csproj", "{182873EF-ACAF-4411-B2B6-AFF7C1A65FE1}"
EndProject
Project("{9A19103F-16F7-4668-BE54-9A1E7A4F7556}") = "N12-HT2", "N12-HT2\N12-HT2.csproj", "{4A4A2398-E9E2-4190-AF8C-2FE56BD7FA3B}"
EndProject
Project("{2150E333-8FDC-42A3-9474-1A3956D46DE8}") = "Lesson-13", "Lesson-13", "{38633C9E-E4E1-4961-875E-AC74BB5F2753}"
EndProject
Project("{2150E333-8FDC-42A3-9474-1A3956D46DE8}") = "task", "task", "{B53F75B1-EA44-4208-AB0B-7A19F0864008}"
EndProject
Project("{9A19103F-16F7-4668-BE54-9A1E7A4F7556}") = "N13-T1", "N13-T1\N13-T1.csproj", "{DDDAC947-64C6-408B-8601-55AFB2CF1B6A}"
EndProject
Project("{9A19103F-16F7-4668-BE54-9A1E7A4F7556}") = "N13-T2", "N13-T2\N13-T2.csproj", "{B547B1AA-B1BC-4BE5-B2D3-D800468271FA}"
EndProject
Project("{9A19103F-16F7-4668-BE54-9A1E7A4F7556}") = "N13-T3", "N13-T3\N13-T3.csproj", "{0CD7F361-4E81-4D9A-BEEC-7859F75CB474}"
EndProject
Project("{2150E333-8FDC-42A3-9474-1A3956D46DE8}") = "hometasks", "hometasks", "{5F14BEAD-BD46-485D-A72B-1A1152D916D5}"
EndProject
Project("{9A19103F-16F7-4668-BE54-9A1E7A4F7556}") = "N13-HT1", "N13-HT1\N13-HT1.csproj", "{4A2A6107-E893-4EA6-87BB-6FE9F88619B9}"
EndProject
Project("{9A19103F-16F7-4668-BE54-9A1E7A4F7556}") = "N13-HT2", "N13-HT2\N13-HT2.csproj", "{427C3958-A489-4477-AD6D-6D5E752A216B}"
EndProject
Project("{2150E333-8FDC-42A3-9474-1A3956D46DE8}") = "Lesson-14", "Lesson-14", "{861081CA-2618-4AFC-A4B9-04325E101CEF}"
EndProject
Project("{2150E333-8FDC-42A3-9474-1A3956D46DE8}") = "tasks", "tasks", "{28684BA9-63D3-43DE-818F-0B221B4F10D1}"
EndProject
Project("{9A19103F-16F7-4668-BE54-9A1E7A4F7556}") = "N14-T1", "N14-T1\N14-T1.csproj", "{5592CC27-D42B-4673-BD24-D721286B8C28}"
EndProject
Project("{9A19103F-16F7-4668-BE54-9A1E7A4F7556}") = "N13-T4-ERROR", "N13-T4\N13-T4-ERROR.csproj", "{13108E8E-50A5-4A2D-BE9F-2E624F0D2AE3}"
EndProject
Project("{2150E333-8FDC-42A3-9474-1A3956D46DE8}") = "hometasks", "hometasks", "{D14054EE-B79E-4A4D-B30D-DD260176E8EF}"
EndProject
Project("{9A19103F-16F7-4668-BE54-9A1E7A4F7556}") = "N14-HT1", "N14-HT1\N14-HT1.csproj", "{B79EE094-142A-45DD-9E86-229319227F5E}"
EndProject
Project("{9A19103F-16F7-4668-BE54-9A1E7A4F7556}") = "N14-HT2", "N14-HT2\N14-HT2.csproj", "{16F7E7DC-AA11-4127-85DE-0B4115E162E4}"
EndProject
Project("{9A19103F-16F7-4668-BE54-9A1E7A4F7556}") = "ClassLibrary", "ClassLibrary\ClassLibrary.csproj", "{AAF0D820-B07C-475A-9E83-51CEFC2BD625}"
EndProject
Project("{2150E333-8FDC-42A3-9474-1A3956D46DE8}") = "Lesson-15", "Lesson-15", "{94F92CF3-0A15-491D-8FAB-DB4006A3E0C0}"
EndProject
Project("{2150E333-8FDC-42A3-9474-1A3956D46DE8}") = "hometasks", "hometasks", "{E2871C39-D63A-45D1-AAB5-2BC13D125816}"
EndProject
Project("{9A19103F-16F7-4668-BE54-9A1E7A4F7556}") = "N15-HT1", "N15-HT1\N15-HT1.csproj", "{3E283834-0D37-48EB-A2D7-8A1DC996DDAF}"
EndProject
Project("{2150E333-8FDC-42A3-9474-1A3956D46DE8}") = "Lesson-16", "Lesson-16", "{6D014982-6ED0-4B57-A408-C5F8FE17758B}"
EndProject
Project("{2150E333-8FDC-42A3-9474-1A3956D46DE8}") = "tasks", "tasks", "{65FA5480-CC94-4858-9456-EE5CCA8CA918}"
EndProject
Project("{9A19103F-16F7-4668-BE54-9A1E7A4F7556}") = "N16-T1", "N16-T1\N16-T1.csproj", "{B933DBE9-1AD0-4CD3-8630-FCFCA08EB7E6}"
EndProject
Project("{9A19103F-16F7-4668-BE54-9A1E7A4F7556}") = "N16-T2", "N16-T2\N16-T2.csproj", "{7FA06BB6-5ACF-4238-98EA-75D193131173}"
EndProject
Project("{2150E333-8FDC-42A3-9474-1A3956D46DE8}") = "hometask", "hometask", "{D5972F0C-EB9B-4C08-9E38-D6A6E55087A5}"
EndProject
Project("{9A19103F-16F7-4668-BE54-9A1E7A4F7556}") = "N16-HT1", "N16-HT1\N16-HT1.csproj", "{5812BC7F-366C-400A-87C3-DB77B1F18B2A}"
EndProject
Project("{9A19103F-16F7-4668-BE54-9A1E7A4F7556}") = "N16-HT2", "N16-HT2\N16-HT2.csproj", "{1F231969-14EC-4D00-B350-54FD7DAF95D9}"
EndProject
Project("{2150E333-8FDC-42A3-9474-1A3956D46DE8}") = "Lesson-17", "Lesson-17", "{E1716DA6-E03A-47E6-9F82-7DEEB075E859}"
EndProject
Project("{2150E333-8FDC-42A3-9474-1A3956D46DE8}") = "tasks", "tasks", "{B8215767-7942-4211-B7B4-05B79D23148C}"
EndProject
Project("{9A19103F-16F7-4668-BE54-9A1E7A4F7556}") = "N17-T1", "N17-T1\N17-T1.csproj", "{64BDE30B-BB9B-47F2-92B7-434C9D0D6669}"
EndProject
Project("{2150E333-8FDC-42A3-9474-1A3956D46DE8}") = "hometasks", "hometasks", "{4FC8E7BE-52D2-4882-A838-108B52ACB742}"
EndProject
Project("{9A19103F-16F7-4668-BE54-9A1E7A4F7556}") = "N17-HT1", "N17-HT1\N17-HT1.csproj", "{A699B1DE-6982-40DF-9335-95BCBCBEF835}"
EndProject
Project("{2150E333-8FDC-42A3-9474-1A3956D46DE8}") = "Lesson-18", "Lesson-18", "{5466942B-68C7-4A75-BD32-E9EC262558A5}"
EndProject
Project("{2150E333-8FDC-42A3-9474-1A3956D46DE8}") = "tasks", "tasks", "{C5FB8C60-142A-4249-B54F-93F3862825C4}"
EndProject
Project("{9A19103F-16F7-4668-BE54-9A1E7A4F7556}") = "N18-T1", "N18-T1\N18-T1.csproj", "{17C690EF-23C0-4124-B85F-9C439A57AFCB}"
EndProject
Project("{9A19103F-16F7-4668-BE54-9A1E7A4F7556}") = "N17-HT2", "N17-HT2\N17-HT2.csproj", "{B4D40135-BCB1-4D27-82EA-70A5504C7821}"
EndProject
Project("{2150E333-8FDC-42A3-9474-1A3956D46DE8}") = "Lesson-19", "Lesson-19", "{A91E8E63-F6BD-4F7B-8BEC-A2A6195813DE}"
EndProject
Project("{9A19103F-16F7-4668-BE54-9A1E7A4F7556}") = "N19-T1", "N19-T1\N19-T1.csproj", "{41A864D9-140E-4D64-91FE-2E745542A470}"
EndProject
Project("{9A19103F-16F7-4668-BE54-9A1E7A4F7556}") = "N19-T2", "N19-T2\N19-T2.csproj", "{A42A8ED9-38A3-40C1-B908-92420A5B521F}"
EndProject
Project("{2150E333-8FDC-42A3-9474-1A3956D46DE8}") = "Lesson-20", "Lesson-20", "{8C67BDF4-890E-4F4C-8A3A-7F3013AAECA5}"
EndProject
Project("{2150E333-8FDC-42A3-9474-1A3956D46DE8}") = "hometask", "hometask", "{C41D51A8-B7B3-4B31-AA0D-60E991C50876}"
EndProject
Project("{FAE04EC0-301F-11D3-BF4B-00C04F79EFBC}") = "N20-HT1", "N20-HT1\N20-HT1.csproj", "{90DAA808-988A-44C0-8386-A2DAD047A633}"
EndProject
Project("{2150E333-8FDC-42A3-9474-1A3956D46DE8}") = "Lesson-21", "Lesson-21", "{E6E05082-6C2E-42C9-BC01-23D8314B58CC}"
EndProject
Project("{2150E333-8FDC-42A3-9474-1A3956D46DE8}") = "task", "task", "{D0D08D08-6286-4E1A-A1DC-5F919E66FB91}"
EndProject
Project("{FAE04EC0-301F-11D3-BF4B-00C04F79EFBC}") = "InterfaceTask", "InterfaceTask\InterfaceTask.csproj", "{A63D7991-C187-43F3-9F52-8BC23F91FE7C}"
EndProject
Project("{FAE04EC0-301F-11D3-BF4B-00C04F79EFBC}") = "N20-HT2", "N20-HT2\N20-HT2.csproj", "{4CB88AAB-3109-49F9-A5B9-958AF5CB32E5}"
EndProject
Project("{2150E333-8FDC-42A3-9474-1A3956D46DE8}") = "Hometask", "Hometask", "{7D30E1B5-65D1-46DA-A457-8C0F54F5AD67}"
EndProject
Project("{FAE04EC0-301F-11D3-BF4B-00C04F79EFBC}") = "N21-HT1", "N21-HT1\N21-HT1.csproj", "{5CB6B976-B21F-421D-9D4D-5A26013F6D13}"
EndProject
Project("{2150E333-8FDC-42A3-9474-1A3956D46DE8}") = "Lesson-22", "Lesson-22", "{C0526143-F9BD-4147-B1B3-82F09C03C108}"
EndProject
Project("{2150E333-8FDC-42A3-9474-1A3956D46DE8}") = "task", "task", "{0D67CDBC-8F62-44D9-9612-D2B7A7C8D722}"
EndProject
Project("{FAE04EC0-301F-11D3-BF4B-00C04F79EFBC}") = "N22-T1", "N22-T1\N22-T1.csproj", "{77F250E8-2EF8-4DFA-B054-138761BF0CE4}"
EndProject
Project("{FAE04EC0-301F-11D3-BF4B-00C04F79EFBC}") = "N22-T2", "N22-T2\N22-T2.csproj", "{8DEB9828-4748-42AF-8E2C-D0D28044FE3D}"
EndProject
Project("{FAE04EC0-301F-11D3-BF4B-00C04F79EFBC}") = "N22-T3", "N22-T3\N22-T3.csproj", "{CFD65859-E304-4E66-8561-52080FA81612}"
EndProject
Project("{2150E333-8FDC-42A3-9474-1A3956D46DE8}") = "temp-21", "temp-21", "{7D452EE4-2DBB-4CC4-8F2C-688E5B6FE0E5}"
EndProject
Project("{FAE04EC0-301F-11D3-BF4B-00C04F79EFBC}") = "temp_1", "temp_1\temp_1.csproj", "{FAECC0EF-D3BF-4017-B1D8-33A9CBB4F25B}"
EndProject
Project("{FAE04EC0-301F-11D3-BF4B-00C04F79EFBC}") = "temp_2", "temp_2\temp_2.csproj", "{BE08FA3D-E127-4DF4-B0D1-8E194048C986}"
EndProject
Project("{FAE04EC0-301F-11D3-BF4B-00C04F79EFBC}") = "Temp_3", "Temp_3\Temp_3.csproj", "{B34FAE93-6DFD-446E-8631-90E56F808E79}"
EndProject
Project("{FAE04EC0-301F-11D3-BF4B-00C04F79EFBC}") = "temp_4", "temp_4\temp_4.csproj", "{369F8983-863E-42A6-8D3D-94D4766479C2}"
EndProject
Project("{FAE04EC0-301F-11D3-BF4B-00C04F79EFBC}") = "temp_5", "temp_5\temp_5.csproj", "{C0FEFA2A-618B-42F2-818B-9ED209D4F0BA}"
EndProject
Project("{2150E333-8FDC-42A3-9474-1A3956D46DE8}") = "hometask", "hometask", "{D5127BC6-59B4-44DC-8BFD-C722975A30EC}"
EndProject
Project("{FAE04EC0-301F-11D3-BF4B-00C04F79EFBC}") = "N22-HT1", "N22-HT1\N22-HT1.csproj", "{603941FD-15BD-4FC9-8E66-E942ED3B0DD6}"
EndProject
Project("{2150E333-8FDC-42A3-9474-1A3956D46DE8}") = "Lesson-23", "Lesson-23", "{728653F2-9CAF-4F3F-A6B6-C7A18419C1F9}"
EndProject
Project("{2150E333-8FDC-42A3-9474-1A3956D46DE8}") = "task", "task", "{38A95315-35E2-417B-AF59-823515E9046F}"
EndProject
Project("{FAE04EC0-301F-11D3-BF4B-00C04F79EFBC}") = "LinqMethods", "LinqMethods\LinqMethods.csproj", "{099D5299-47FA-43E7-BA67-95CDE979C278}"
EndProject
Project("{FAE04EC0-301F-11D3-BF4B-00C04F79EFBC}") = "N22-HT2", "N22-HT2\N22-HT2.csproj", "{BCC58607-BF29-4D9A-AF7A-408132261D3A}"
EndProject
Project("{2150E333-8FDC-42A3-9474-1A3956D46DE8}") = "hometask", "hometask", "{132B6BCF-0533-4510-9DB8-D218E0D11E54}"
EndProject
Project("{FAE04EC0-301F-11D3-BF4B-00C04F79EFBC}") = "N23-HT1", "N23-HT1\N23-HT1.csproj", "{C181AED2-B663-4218-A2F7-862F7B46E25D}"
EndProject
Project("{FAE04EC0-301F-11D3-BF4B-00C04F79EFBC}") = "N23-HT2", "N23-HT2\N23-HT2.csproj", "{DAFC5B1A-EA6B-4F70-A1DD-E9CD938C6396}"
EndProject
Project("{FAE04EC0-301F-11D3-BF4B-00C04F79EFBC}") = "N23-T1", "N23-T1\N23-T1.csproj", "{F367F219-BA55-40A9-8259-9DF862B0474B}"
EndProject
Project("{FAE04EC0-301F-11D3-BF4B-00C04F79EFBC}") = "N23-T2", "N23-T2\N23-T2.csproj", "{18DF2E3F-3E86-4267-9956-E924C105BBB9}"
EndProject
Project("{2150E333-8FDC-42A3-9474-1A3956D46DE8}") = "temp-23", "temp-23", "{6B528B5D-DBB0-4E48-822C-0662838B0FAA}"
EndProject
Project("{FAE04EC0-301F-11D3-BF4B-00C04F79EFBC}") = "exer_1", "exer_1\exer_1.csproj", "{5B830E4D-9354-4F8F-801C-34E6830A1B49}"
EndProject
Project("{FAE04EC0-301F-11D3-BF4B-00C04F79EFBC}") = "exer_2", "exer_2\exer_2.csproj", "{9F71343A-381E-4071-95D4-0050AD0F5F40}"
EndProject
Project("{2150E333-8FDC-42A3-9474-1A3956D46DE8}") = "Lesson-24", "Lesson-24", "{B65107A5-2C84-4AB6-824A-0CAC95143ED9}"
EndProject
Project("{2150E333-8FDC-42A3-9474-1A3956D46DE8}") = "task", "task", "{8A1F9223-3E29-40F5-8075-EC0F099FBB7C}"
EndProject
Project("{FAE04EC0-301F-11D3-BF4B-00C04F79EFBC}") = "N24-T1", "N24-T1\N24-T1.csproj", "{4F61A8E2-72F4-40A8-8F83-E7008DF5463E}"
EndProject
Project("{FAE04EC0-301F-11D3-BF4B-00C04F79EFBC}") = "N24-T2", "N24-T2\N24-T2.csproj", "{044A7AE2-3D6F-42CE-903B-A5A29A5F1027}"
EndProject
Project("{2150E333-8FDC-42A3-9474-1A3956D46DE8}") = "hometask", "hometask", "{7C46F92A-E388-498F-9687-2A8D13A96742}"
EndProject
Project("{FAE04EC0-301F-11D3-BF4B-00C04F79EFBC}") = "N24-HT1", "N24-HT1\N24-HT1.csproj", "{FA2925B6-7EB3-4C3E-9CF3-1DF4C3EDA6A3}"
EndProject
Project("{2150E333-8FDC-42A3-9474-1A3956D46DE8}") = "Lesson-25", "Lesson-25", "{7B241ECA-40FB-4F55-BAFA-76ABDF6579B4}"
EndProject
Project("{2150E333-8FDC-42A3-9474-1A3956D46DE8}") = "task", "task", "{BC6315B1-A944-4E9B-9CBC-6D07C08A0572}"
EndProject
Project("{FAE04EC0-301F-11D3-BF4B-00C04F79EFBC}") = "N25-T1", "N25-T1\N25-T1.csproj", "{751F6EF6-9D59-49D9-B2EA-4D070B4A5A91}"
EndProject
Project("{2150E333-8FDC-42A3-9474-1A3956D46DE8}") = "Composition", "Composition", "{AFA41AE6-1672-476D-B683-0EC8744CEFD1}"
EndProject
Project("{FAE04EC0-301F-11D3-BF4B-00C04F79EFBC}") = "CN_1", "CN_1\CN_1.csproj", "{3546AC2A-55E6-4C7A-9C42-94ACA637CB4C}"
EndProject
Project("{2150E333-8FDC-42A3-9474-1A3956D46DE8}") = "hometask", "hometask", "{3C8C51B2-0966-429C-AD54-9504C85B17EE}"
EndProject
Project("{FAE04EC0-301F-11D3-BF4B-00C04F79EFBC}") = "N25-HT1", "N25-HT1\N25-HT1.csproj", "{202CC5B3-7A10-420A-8998-2E3A2F12BA8C}"
EndProject
Project("{2150E333-8FDC-42A3-9474-1A3956D46DE8}") = "Lesson-26", "Lesson-26", "{94EB576E-FA29-4E2F-B102-BBFCBC91C7CB}"
EndProject
Project("{FAE04EC0-301F-11D3-BF4B-00C04F79EFBC}") = "LowLevelTaskManagement", "LowLevelTaskManagement\LowLevelTaskManagement.csproj", "{35BFDA69-3BE1-4D59-9630-D610203C2D7F}"
EndProject
Project("{2150E333-8FDC-42A3-9474-1A3956D46DE8}") = "task", "task", "{969CBD82-31D0-464B-A9A2-D5B680BCF017}"
EndProject
Project("{FAE04EC0-301F-11D3-BF4B-00C04F79EFBC}") = "N26-T1", "N26-T1\N26-T1.csproj", "{4644ACA7-866A-4BE3-AEED-D7B91B981301}"
EndProject
Project("{2150E333-8FDC-42A3-9474-1A3956D46DE8}") = "Lesson-27", "Lesson-27", "{2B560139-75E7-4A8F-AAFE-1C865177390F}"
EndProject
Project("{2150E333-8FDC-42A3-9474-1A3956D46DE8}") = "task", "task", "{28CCC54A-DCAA-4DCB-8CFC-373AD4874878}"
EndProject
Project("{FAE04EC0-301F-11D3-BF4B-00C04F79EFBC}") = "N27-T1", "N27-T1\N27-T1.csproj", "{9969A4B8-49F3-44D9-BDFA-069B7A173D74}"
EndProject
Project("{2150E333-8FDC-42A3-9474-1A3956D46DE8}") = "hometask", "hometask", "{35FF33EC-4475-4BF5-961C-197CB5D37D2F}"
EndProject
Project("{FAE04EC0-301F-11D3-BF4B-00C04F79EFBC}") = "N26-HT1", "N26-HT1\N26-HT1.csproj", "{05B77670-8176-4AB9-AA0C-2D35678DF55B}"
EndProject
Project("{FAE04EC0-301F-11D3-BF4B-00C04F79EFBC}") = "N27-T2", "N27-T2\N27-T2.csproj", "{B9A4049A-3D3E-4CD9-8854-95F3B25D8140}"
EndProject
Project("{FAE04EC0-301F-11D3-BF4B-00C04F79EFBC}") = "N27-HT1", "N27-HT1\N27-HT1.csproj", "{DE69CFC2-C1E6-4C9B-B794-AB2776C016D4}"
EndProject
Project("{2150E333-8FDC-42A3-9474-1A3956D46DE8}") = "hometask", "hometask", "{5F5259C7-5D6A-44E9-92EA-99C93F123F0A}"
EndProject
Project("{FAE04EC0-301F-11D3-BF4B-00C04F79EFBC}") = "N27-HT2", "N27-HT2\N27-HT2.csproj", "{30B33357-4F74-4852-8221-91844771E94F}"
EndProject
Project("{2150E333-8FDC-42A3-9474-1A3956D46DE8}") = "HandOnN26", "HandOnN26", "{4AA17366-5B5F-4311-A02F-781DC1035DB2}"
EndProject
Project("{FAE04EC0-301F-11D3-BF4B-00C04F79EFBC}") = "Q_1", "Q_1\Q_1.csproj", "{F98EA960-4092-41CD-A169-00418D7948B0}"
EndProject
Project("{2150E333-8FDC-42A3-9474-1A3956D46DE8}") = "Lesson-28", "Lesson-28", "{848D271B-EC59-4949-8BF9-C0C990B90D43}"
EndProject
Project("{2150E333-8FDC-42A3-9474-1A3956D46DE8}") = "hometask", "hometask", "{1C39BFBA-02E3-4B6B-8C4B-10491DB129FD}"
EndProject
Project("{FAE04EC0-301F-11D3-BF4B-00C04F79EFBC}") = "N28-HT1", "N28-HT1\N28-HT1.csproj", "{84F08358-513D-4567-A35B-4D036624CD22}"
EndProject
Project("{FAE04EC0-301F-11D3-BF4B-00C04F79EFBC}") = "N28-HT2", "N28-HT2\N28-HT2.csproj", "{1353296F-ECC2-4B57-B37B-3E000BF57BD0}"
EndProject
Project("{2150E333-8FDC-42A3-9474-1A3956D46DE8}") = "task", "task", "{22044B9F-AA49-4BA1-899B-39F3B137CCAF}"
EndProject
Project("{2150E333-8FDC-42A3-9474-1A3956D46DE8}") = "Lesson-29", "Lesson-29", "{AAE1824C-C2C7-4CFF-8729-C8B3C3ED1385}"
EndProject
Project("{2150E333-8FDC-42A3-9474-1A3956D46DE8}") = "task", "task", "{3A7547FA-FFA7-4557-9AE0-29F45DBF33FD}"
EndProject
Project("{FAE04EC0-301F-11D3-BF4B-00C04F79EFBC}") = "CompanyManagement", "CompanyManagement\CompanyManagement.csproj", "{49BBF6F4-C82B-4115-8358-4C78D01B2B3B}"
EndProject
Project("{2150E333-8FDC-42A3-9474-1A3956D46DE8}") = "DFS&&BFS", "DFS&&BFS", "{9600BE14-4910-4885-9EBC-325D0FA1E8BD}"
EndProject
Project("{2150E333-8FDC-42A3-9474-1A3956D46DE8}") = "ASYNC", "ASYNC", "{CD4B1D38-810E-4F60-916A-460B2CFA8795}"
EndProject
Project("{FAE04EC0-301F-11D3-BF4B-00C04F79EFBC}") = "EmailAsync", "EmailAsync\EmailAsync.csproj", "{4A656B53-95A1-4EDB-8D2B-74B06439F25B}"
EndProject
Project("{2150E333-8FDC-42A3-9474-1A3956D46DE8}") = "hometask", "hometask", "{213520F7-0510-45F4-9DCD-F1D156EE63E0}"
EndProject
Project("{FAE04EC0-301F-11D3-BF4B-00C04F79EFBC}") = "N29-HT1", "N29-HT1\N29-HT1.csproj", "{57F1E49E-FBF1-4068-B341-C64310083149}"
EndProject
Project("{FAE04EC0-301F-11D3-BF4B-00C04F79EFBC}") = "N29-HT2", "N29-HT2\N29-HT2.csproj", "{F49687AF-1E50-42D6-A75C-F69115B3467E}"
EndProject
Project("{2150E333-8FDC-42A3-9474-1A3956D46DE8}") = "Lesson-30", "Lesson-30", "{3CF9CF74-AC14-4513-8EF7-A4895D4AC060}"
EndProject
Project("{2150E333-8FDC-42A3-9474-1A3956D46DE8}") = "task", "task", "{D9317ABB-E1ED-4512-8B6C-36A8563F8133}"
EndProject
Project("{FAE04EC0-301F-11D3-BF4B-00C04F79EFBC}") = "TaskAsync", "TaskAsync\TaskAsync.csproj", "{4A0FB2C0-54A5-4CF1-BBC9-E4B90852AF3E}"
EndProject
Project("{FAE04EC0-301F-11D3-BF4B-00C04F79EFBC}") = "AsyncReadWrute", "AsyncReadWrute\AsyncReadWrute.csproj", "{1D241ECB-DA54-4335-A1CB-AAFB8DFFC3FA}"
EndProject
Project("{2150E333-8FDC-42A3-9474-1A3956D46DE8}") = "Lesson-31", "Lesson-31", "{542D382A-121C-4844-BFD7-913BE412E3B7}"
EndProject
Project("{2150E333-8FDC-42A3-9474-1A3956D46DE8}") = "task", "task", "{28F6A176-B307-49BC-8698-56D5A46F8C79}"
EndProject
Project("{FAE04EC0-301F-11D3-BF4B-00C04F79EFBC}") = "DownloadAndTranslate", "DownloadAndTranslate\DownloadAndTranslate.csproj", "{F8E2FE1B-D93A-4404-BEE1-240B6E52BAD5}"
EndProject
Project("{FAE04EC0-301F-11D3-BF4B-00C04F79EFBC}") = "SuperLinQ", "SuperLinQ\SuperLinQ.csproj", "{D5DC3475-71B4-4609-870C-3DFBCB41E7C6}"
EndProject
Project("{2150E333-8FDC-42A3-9474-1A3956D46DE8}") = "hometask", "hometask", "{557E4160-22DB-41A3-A76E-5D2B54A1915B}"
EndProject
Project("{FAE04EC0-301F-11D3-BF4B-00C04F79EFBC}") = "N31-HT1", "N31-HT1\N31-HT1.csproj", "{CC17F1AB-4D1C-4962-A3FA-7A5FF86EB5F2}"
EndProject
Global
	GlobalSection(SolutionConfigurationPlatforms) = preSolution
		Debug|Any CPU = Debug|Any CPU
		Release|Any CPU = Release|Any CPU
	EndGlobalSection
	GlobalSection(ProjectConfigurationPlatforms) = postSolution
		{4613FB0B-CDF3-41DA-8994-E9FB39D1165E}.Debug|Any CPU.ActiveCfg = Debug|Any CPU
		{4613FB0B-CDF3-41DA-8994-E9FB39D1165E}.Debug|Any CPU.Build.0 = Debug|Any CPU
		{4613FB0B-CDF3-41DA-8994-E9FB39D1165E}.Release|Any CPU.ActiveCfg = Release|Any CPU
		{4613FB0B-CDF3-41DA-8994-E9FB39D1165E}.Release|Any CPU.Build.0 = Release|Any CPU
		{4A465B00-B480-4B14-AF44-4932E10A5472}.Debug|Any CPU.ActiveCfg = Debug|Any CPU
		{4A465B00-B480-4B14-AF44-4932E10A5472}.Debug|Any CPU.Build.0 = Debug|Any CPU
		{4A465B00-B480-4B14-AF44-4932E10A5472}.Release|Any CPU.ActiveCfg = Release|Any CPU
		{4A465B00-B480-4B14-AF44-4932E10A5472}.Release|Any CPU.Build.0 = Release|Any CPU
		{2F2077E6-4D4D-48DC-B843-1DBAEFF69683}.Debug|Any CPU.ActiveCfg = Debug|Any CPU
		{2F2077E6-4D4D-48DC-B843-1DBAEFF69683}.Debug|Any CPU.Build.0 = Debug|Any CPU
		{2F2077E6-4D4D-48DC-B843-1DBAEFF69683}.Release|Any CPU.ActiveCfg = Release|Any CPU
		{2F2077E6-4D4D-48DC-B843-1DBAEFF69683}.Release|Any CPU.Build.0 = Release|Any CPU
		{73A08222-D929-46E0-9627-D5F32E8051E4}.Debug|Any CPU.ActiveCfg = Debug|Any CPU
		{73A08222-D929-46E0-9627-D5F32E8051E4}.Debug|Any CPU.Build.0 = Debug|Any CPU
		{73A08222-D929-46E0-9627-D5F32E8051E4}.Release|Any CPU.ActiveCfg = Release|Any CPU
		{73A08222-D929-46E0-9627-D5F32E8051E4}.Release|Any CPU.Build.0 = Release|Any CPU
		{29C8570C-42CC-4244-8C98-93AF8DE85341}.Debug|Any CPU.ActiveCfg = Debug|Any CPU
		{29C8570C-42CC-4244-8C98-93AF8DE85341}.Debug|Any CPU.Build.0 = Debug|Any CPU
		{29C8570C-42CC-4244-8C98-93AF8DE85341}.Release|Any CPU.ActiveCfg = Release|Any CPU
		{29C8570C-42CC-4244-8C98-93AF8DE85341}.Release|Any CPU.Build.0 = Release|Any CPU
		{85F7408A-DA4F-41E7-916F-8DD804109646}.Debug|Any CPU.ActiveCfg = Debug|Any CPU
		{85F7408A-DA4F-41E7-916F-8DD804109646}.Debug|Any CPU.Build.0 = Debug|Any CPU
		{85F7408A-DA4F-41E7-916F-8DD804109646}.Release|Any CPU.ActiveCfg = Release|Any CPU
		{85F7408A-DA4F-41E7-916F-8DD804109646}.Release|Any CPU.Build.0 = Release|Any CPU
		{06C88B00-09CB-4FCF-8AB4-3EC56E9A746A}.Debug|Any CPU.ActiveCfg = Debug|Any CPU
		{06C88B00-09CB-4FCF-8AB4-3EC56E9A746A}.Debug|Any CPU.Build.0 = Debug|Any CPU
		{06C88B00-09CB-4FCF-8AB4-3EC56E9A746A}.Release|Any CPU.ActiveCfg = Release|Any CPU
		{06C88B00-09CB-4FCF-8AB4-3EC56E9A746A}.Release|Any CPU.Build.0 = Release|Any CPU
		{9588B58E-8850-4F44-8ACD-7343AB80D564}.Debug|Any CPU.ActiveCfg = Debug|Any CPU
		{9588B58E-8850-4F44-8ACD-7343AB80D564}.Debug|Any CPU.Build.0 = Debug|Any CPU
		{9588B58E-8850-4F44-8ACD-7343AB80D564}.Release|Any CPU.ActiveCfg = Release|Any CPU
		{9588B58E-8850-4F44-8ACD-7343AB80D564}.Release|Any CPU.Build.0 = Release|Any CPU
		{93329080-81B4-40A6-84EE-8580CBB15325}.Debug|Any CPU.ActiveCfg = Debug|Any CPU
		{93329080-81B4-40A6-84EE-8580CBB15325}.Debug|Any CPU.Build.0 = Debug|Any CPU
		{93329080-81B4-40A6-84EE-8580CBB15325}.Release|Any CPU.ActiveCfg = Release|Any CPU
		{93329080-81B4-40A6-84EE-8580CBB15325}.Release|Any CPU.Build.0 = Release|Any CPU
		{1883B327-5B10-43C1-9A0F-5BA0CE5138A4}.Debug|Any CPU.ActiveCfg = Debug|Any CPU
		{1883B327-5B10-43C1-9A0F-5BA0CE5138A4}.Debug|Any CPU.Build.0 = Debug|Any CPU
		{1883B327-5B10-43C1-9A0F-5BA0CE5138A4}.Release|Any CPU.ActiveCfg = Release|Any CPU
		{1883B327-5B10-43C1-9A0F-5BA0CE5138A4}.Release|Any CPU.Build.0 = Release|Any CPU
		{5798D66E-9D8E-4687-B72D-F76ACC523903}.Debug|Any CPU.ActiveCfg = Debug|Any CPU
		{5798D66E-9D8E-4687-B72D-F76ACC523903}.Debug|Any CPU.Build.0 = Debug|Any CPU
		{5798D66E-9D8E-4687-B72D-F76ACC523903}.Release|Any CPU.ActiveCfg = Release|Any CPU
		{5798D66E-9D8E-4687-B72D-F76ACC523903}.Release|Any CPU.Build.0 = Release|Any CPU
		{070E64E1-3817-479E-978B-A2DB71D603BF}.Debug|Any CPU.ActiveCfg = Debug|Any CPU
		{070E64E1-3817-479E-978B-A2DB71D603BF}.Debug|Any CPU.Build.0 = Debug|Any CPU
		{070E64E1-3817-479E-978B-A2DB71D603BF}.Release|Any CPU.ActiveCfg = Release|Any CPU
		{070E64E1-3817-479E-978B-A2DB71D603BF}.Release|Any CPU.Build.0 = Release|Any CPU
		{13D9584D-A003-4443-89D5-01CAC89B87ED}.Debug|Any CPU.ActiveCfg = Debug|Any CPU
		{13D9584D-A003-4443-89D5-01CAC89B87ED}.Debug|Any CPU.Build.0 = Debug|Any CPU
		{13D9584D-A003-4443-89D5-01CAC89B87ED}.Release|Any CPU.ActiveCfg = Release|Any CPU
		{13D9584D-A003-4443-89D5-01CAC89B87ED}.Release|Any CPU.Build.0 = Release|Any CPU
		{14BDA6AD-51A2-48C3-9087-E2DC928C5AC5}.Debug|Any CPU.ActiveCfg = Debug|Any CPU
		{14BDA6AD-51A2-48C3-9087-E2DC928C5AC5}.Debug|Any CPU.Build.0 = Debug|Any CPU
		{14BDA6AD-51A2-48C3-9087-E2DC928C5AC5}.Release|Any CPU.ActiveCfg = Release|Any CPU
		{14BDA6AD-51A2-48C3-9087-E2DC928C5AC5}.Release|Any CPU.Build.0 = Release|Any CPU
		{FBF1DE18-F878-4305-8DDD-3CCF3CAB2D28}.Debug|Any CPU.ActiveCfg = Debug|Any CPU
		{FBF1DE18-F878-4305-8DDD-3CCF3CAB2D28}.Debug|Any CPU.Build.0 = Debug|Any CPU
		{FBF1DE18-F878-4305-8DDD-3CCF3CAB2D28}.Release|Any CPU.ActiveCfg = Release|Any CPU
		{FBF1DE18-F878-4305-8DDD-3CCF3CAB2D28}.Release|Any CPU.Build.0 = Release|Any CPU
		{75EA0C61-07EB-4ECB-AED8-81FDAAE4F7CD}.Debug|Any CPU.ActiveCfg = Debug|Any CPU
		{75EA0C61-07EB-4ECB-AED8-81FDAAE4F7CD}.Debug|Any CPU.Build.0 = Debug|Any CPU
		{75EA0C61-07EB-4ECB-AED8-81FDAAE4F7CD}.Release|Any CPU.ActiveCfg = Release|Any CPU
		{75EA0C61-07EB-4ECB-AED8-81FDAAE4F7CD}.Release|Any CPU.Build.0 = Release|Any CPU
		{C3F9C8B6-48D3-4AD8-928D-561281436485}.Debug|Any CPU.ActiveCfg = Debug|Any CPU
		{C3F9C8B6-48D3-4AD8-928D-561281436485}.Debug|Any CPU.Build.0 = Debug|Any CPU
		{C3F9C8B6-48D3-4AD8-928D-561281436485}.Release|Any CPU.ActiveCfg = Release|Any CPU
		{C3F9C8B6-48D3-4AD8-928D-561281436485}.Release|Any CPU.Build.0 = Release|Any CPU
		{3FD492F8-3199-4EE2-B80F-028C958A85A4}.Debug|Any CPU.ActiveCfg = Debug|Any CPU
		{3FD492F8-3199-4EE2-B80F-028C958A85A4}.Debug|Any CPU.Build.0 = Debug|Any CPU
		{3FD492F8-3199-4EE2-B80F-028C958A85A4}.Release|Any CPU.ActiveCfg = Release|Any CPU
		{3FD492F8-3199-4EE2-B80F-028C958A85A4}.Release|Any CPU.Build.0 = Release|Any CPU
		{466FE6AE-5A3C-411E-8D09-48A6EA5C3D5F}.Debug|Any CPU.ActiveCfg = Debug|Any CPU
		{466FE6AE-5A3C-411E-8D09-48A6EA5C3D5F}.Debug|Any CPU.Build.0 = Debug|Any CPU
		{466FE6AE-5A3C-411E-8D09-48A6EA5C3D5F}.Release|Any CPU.ActiveCfg = Release|Any CPU
		{466FE6AE-5A3C-411E-8D09-48A6EA5C3D5F}.Release|Any CPU.Build.0 = Release|Any CPU
		{C97A8081-8559-40DE-A3E8-DE0BF870B691}.Debug|Any CPU.ActiveCfg = Debug|Any CPU
		{C97A8081-8559-40DE-A3E8-DE0BF870B691}.Debug|Any CPU.Build.0 = Debug|Any CPU
		{C97A8081-8559-40DE-A3E8-DE0BF870B691}.Release|Any CPU.ActiveCfg = Release|Any CPU
		{C97A8081-8559-40DE-A3E8-DE0BF870B691}.Release|Any CPU.Build.0 = Release|Any CPU
		{93693F55-9EA8-49FA-9349-996372CC2870}.Debug|Any CPU.ActiveCfg = Debug|Any CPU
		{93693F55-9EA8-49FA-9349-996372CC2870}.Debug|Any CPU.Build.0 = Debug|Any CPU
		{93693F55-9EA8-49FA-9349-996372CC2870}.Release|Any CPU.ActiveCfg = Release|Any CPU
		{93693F55-9EA8-49FA-9349-996372CC2870}.Release|Any CPU.Build.0 = Release|Any CPU
		{6FD96DE8-0234-4571-B601-637598111CFE}.Debug|Any CPU.ActiveCfg = Debug|Any CPU
		{6FD96DE8-0234-4571-B601-637598111CFE}.Debug|Any CPU.Build.0 = Debug|Any CPU
		{6FD96DE8-0234-4571-B601-637598111CFE}.Release|Any CPU.ActiveCfg = Release|Any CPU
		{6FD96DE8-0234-4571-B601-637598111CFE}.Release|Any CPU.Build.0 = Release|Any CPU
		{8949524A-3FA4-4B52-8CC7-BBA63EC99B46}.Debug|Any CPU.ActiveCfg = Debug|Any CPU
		{8949524A-3FA4-4B52-8CC7-BBA63EC99B46}.Debug|Any CPU.Build.0 = Debug|Any CPU
		{8949524A-3FA4-4B52-8CC7-BBA63EC99B46}.Release|Any CPU.ActiveCfg = Release|Any CPU
		{8949524A-3FA4-4B52-8CC7-BBA63EC99B46}.Release|Any CPU.Build.0 = Release|Any CPU
		{063DB906-EF50-4866-B8DC-25C78279864B}.Debug|Any CPU.ActiveCfg = Debug|Any CPU
		{063DB906-EF50-4866-B8DC-25C78279864B}.Debug|Any CPU.Build.0 = Debug|Any CPU
		{063DB906-EF50-4866-B8DC-25C78279864B}.Release|Any CPU.ActiveCfg = Release|Any CPU
		{063DB906-EF50-4866-B8DC-25C78279864B}.Release|Any CPU.Build.0 = Release|Any CPU
		{18BFE868-01E2-424F-86E0-69F7579A7962}.Debug|Any CPU.ActiveCfg = Debug|Any CPU
		{18BFE868-01E2-424F-86E0-69F7579A7962}.Debug|Any CPU.Build.0 = Debug|Any CPU
		{18BFE868-01E2-424F-86E0-69F7579A7962}.Release|Any CPU.ActiveCfg = Release|Any CPU
		{18BFE868-01E2-424F-86E0-69F7579A7962}.Release|Any CPU.Build.0 = Release|Any CPU
		{5C029E50-9D9A-4A52-AE61-AFCFC4682988}.Debug|Any CPU.ActiveCfg = Debug|Any CPU
		{5C029E50-9D9A-4A52-AE61-AFCFC4682988}.Debug|Any CPU.Build.0 = Debug|Any CPU
		{5C029E50-9D9A-4A52-AE61-AFCFC4682988}.Release|Any CPU.ActiveCfg = Release|Any CPU
		{5C029E50-9D9A-4A52-AE61-AFCFC4682988}.Release|Any CPU.Build.0 = Release|Any CPU
		{0F10035F-8AF1-4212-8B5A-CC9E6813C0AA}.Debug|Any CPU.ActiveCfg = Debug|Any CPU
		{0F10035F-8AF1-4212-8B5A-CC9E6813C0AA}.Debug|Any CPU.Build.0 = Debug|Any CPU
		{0F10035F-8AF1-4212-8B5A-CC9E6813C0AA}.Release|Any CPU.ActiveCfg = Release|Any CPU
		{0F10035F-8AF1-4212-8B5A-CC9E6813C0AA}.Release|Any CPU.Build.0 = Release|Any CPU
		{66FC85A6-494F-426E-8ADB-F1A111D3A6AE}.Debug|Any CPU.ActiveCfg = Debug|Any CPU
		{66FC85A6-494F-426E-8ADB-F1A111D3A6AE}.Debug|Any CPU.Build.0 = Debug|Any CPU
		{66FC85A6-494F-426E-8ADB-F1A111D3A6AE}.Release|Any CPU.ActiveCfg = Release|Any CPU
		{66FC85A6-494F-426E-8ADB-F1A111D3A6AE}.Release|Any CPU.Build.0 = Release|Any CPU
		{248C6F5C-1037-40E5-BAAD-18FFF310B71B}.Debug|Any CPU.ActiveCfg = Debug|Any CPU
		{248C6F5C-1037-40E5-BAAD-18FFF310B71B}.Debug|Any CPU.Build.0 = Debug|Any CPU
		{248C6F5C-1037-40E5-BAAD-18FFF310B71B}.Release|Any CPU.ActiveCfg = Release|Any CPU
		{248C6F5C-1037-40E5-BAAD-18FFF310B71B}.Release|Any CPU.Build.0 = Release|Any CPU
		{8A12738A-3796-42C7-BCE8-4C8144D02B0E}.Debug|Any CPU.ActiveCfg = Debug|Any CPU
		{8A12738A-3796-42C7-BCE8-4C8144D02B0E}.Debug|Any CPU.Build.0 = Debug|Any CPU
		{8A12738A-3796-42C7-BCE8-4C8144D02B0E}.Release|Any CPU.ActiveCfg = Release|Any CPU
		{8A12738A-3796-42C7-BCE8-4C8144D02B0E}.Release|Any CPU.Build.0 = Release|Any CPU
		{D5C69E45-F877-43FF-A16D-826C711553B0}.Debug|Any CPU.ActiveCfg = Debug|Any CPU
		{D5C69E45-F877-43FF-A16D-826C711553B0}.Debug|Any CPU.Build.0 = Debug|Any CPU
		{D5C69E45-F877-43FF-A16D-826C711553B0}.Release|Any CPU.ActiveCfg = Release|Any CPU
		{D5C69E45-F877-43FF-A16D-826C711553B0}.Release|Any CPU.Build.0 = Release|Any CPU
		{5F766D38-8B6A-4776-9CA9-AD77AAA075C5}.Debug|Any CPU.ActiveCfg = Debug|Any CPU
		{5F766D38-8B6A-4776-9CA9-AD77AAA075C5}.Debug|Any CPU.Build.0 = Debug|Any CPU
		{5F766D38-8B6A-4776-9CA9-AD77AAA075C5}.Release|Any CPU.ActiveCfg = Release|Any CPU
		{5F766D38-8B6A-4776-9CA9-AD77AAA075C5}.Release|Any CPU.Build.0 = Release|Any CPU
		{6B07A411-74E2-41F1-AE9D-643FDDCF8A91}.Debug|Any CPU.ActiveCfg = Debug|Any CPU
		{6B07A411-74E2-41F1-AE9D-643FDDCF8A91}.Debug|Any CPU.Build.0 = Debug|Any CPU
		{6B07A411-74E2-41F1-AE9D-643FDDCF8A91}.Release|Any CPU.ActiveCfg = Release|Any CPU
		{6B07A411-74E2-41F1-AE9D-643FDDCF8A91}.Release|Any CPU.Build.0 = Release|Any CPU
		{76858BF0-7735-4D84-87E2-2D2BE99E7E31}.Debug|Any CPU.ActiveCfg = Debug|Any CPU
		{76858BF0-7735-4D84-87E2-2D2BE99E7E31}.Debug|Any CPU.Build.0 = Debug|Any CPU
		{76858BF0-7735-4D84-87E2-2D2BE99E7E31}.Release|Any CPU.ActiveCfg = Release|Any CPU
		{76858BF0-7735-4D84-87E2-2D2BE99E7E31}.Release|Any CPU.Build.0 = Release|Any CPU
		{381168EF-DE75-48B0-9E58-ADA55A924D30}.Debug|Any CPU.ActiveCfg = Debug|Any CPU
		{381168EF-DE75-48B0-9E58-ADA55A924D30}.Debug|Any CPU.Build.0 = Debug|Any CPU
		{381168EF-DE75-48B0-9E58-ADA55A924D30}.Release|Any CPU.ActiveCfg = Release|Any CPU
		{381168EF-DE75-48B0-9E58-ADA55A924D30}.Release|Any CPU.Build.0 = Release|Any CPU
		{A566650E-0FC2-49B0-9D22-5E9E8353D85C}.Debug|Any CPU.ActiveCfg = Debug|Any CPU
		{A566650E-0FC2-49B0-9D22-5E9E8353D85C}.Debug|Any CPU.Build.0 = Debug|Any CPU
		{A566650E-0FC2-49B0-9D22-5E9E8353D85C}.Release|Any CPU.ActiveCfg = Release|Any CPU
		{A566650E-0FC2-49B0-9D22-5E9E8353D85C}.Release|Any CPU.Build.0 = Release|Any CPU
		{2E2F6E62-EFBC-4E9B-A835-284FA7FCD959}.Debug|Any CPU.ActiveCfg = Debug|Any CPU
		{2E2F6E62-EFBC-4E9B-A835-284FA7FCD959}.Debug|Any CPU.Build.0 = Debug|Any CPU
		{2E2F6E62-EFBC-4E9B-A835-284FA7FCD959}.Release|Any CPU.ActiveCfg = Release|Any CPU
		{2E2F6E62-EFBC-4E9B-A835-284FA7FCD959}.Release|Any CPU.Build.0 = Release|Any CPU
		{5F6EE12B-754A-469B-A3E0-5AAF72AEA273}.Debug|Any CPU.ActiveCfg = Debug|Any CPU
		{5F6EE12B-754A-469B-A3E0-5AAF72AEA273}.Debug|Any CPU.Build.0 = Debug|Any CPU
		{5F6EE12B-754A-469B-A3E0-5AAF72AEA273}.Release|Any CPU.ActiveCfg = Release|Any CPU
		{5F6EE12B-754A-469B-A3E0-5AAF72AEA273}.Release|Any CPU.Build.0 = Release|Any CPU
		{E5FDF3E8-B833-435D-AD80-F162B4EDB20A}.Debug|Any CPU.ActiveCfg = Debug|Any CPU
		{E5FDF3E8-B833-435D-AD80-F162B4EDB20A}.Debug|Any CPU.Build.0 = Debug|Any CPU
		{E5FDF3E8-B833-435D-AD80-F162B4EDB20A}.Release|Any CPU.ActiveCfg = Release|Any CPU
		{E5FDF3E8-B833-435D-AD80-F162B4EDB20A}.Release|Any CPU.Build.0 = Release|Any CPU
		{B3181462-F9B5-4934-8152-6EC85E0388EE}.Debug|Any CPU.ActiveCfg = Debug|Any CPU
		{B3181462-F9B5-4934-8152-6EC85E0388EE}.Debug|Any CPU.Build.0 = Debug|Any CPU
		{B3181462-F9B5-4934-8152-6EC85E0388EE}.Release|Any CPU.ActiveCfg = Release|Any CPU
		{B3181462-F9B5-4934-8152-6EC85E0388EE}.Release|Any CPU.Build.0 = Release|Any CPU
		{D91434E1-AF4C-4C68-938B-941F1DE49F3F}.Debug|Any CPU.ActiveCfg = Debug|Any CPU
		{D91434E1-AF4C-4C68-938B-941F1DE49F3F}.Debug|Any CPU.Build.0 = Debug|Any CPU
		{D91434E1-AF4C-4C68-938B-941F1DE49F3F}.Release|Any CPU.ActiveCfg = Release|Any CPU
		{D91434E1-AF4C-4C68-938B-941F1DE49F3F}.Release|Any CPU.Build.0 = Release|Any CPU
		{F4E3E8F4-DC77-45AD-A982-B014037346F5}.Debug|Any CPU.ActiveCfg = Debug|Any CPU
		{F4E3E8F4-DC77-45AD-A982-B014037346F5}.Debug|Any CPU.Build.0 = Debug|Any CPU
		{F4E3E8F4-DC77-45AD-A982-B014037346F5}.Release|Any CPU.ActiveCfg = Release|Any CPU
		{F4E3E8F4-DC77-45AD-A982-B014037346F5}.Release|Any CPU.Build.0 = Release|Any CPU
		{182873EF-ACAF-4411-B2B6-AFF7C1A65FE1}.Debug|Any CPU.ActiveCfg = Debug|Any CPU
		{182873EF-ACAF-4411-B2B6-AFF7C1A65FE1}.Debug|Any CPU.Build.0 = Debug|Any CPU
		{182873EF-ACAF-4411-B2B6-AFF7C1A65FE1}.Release|Any CPU.ActiveCfg = Release|Any CPU
		{182873EF-ACAF-4411-B2B6-AFF7C1A65FE1}.Release|Any CPU.Build.0 = Release|Any CPU
		{4A4A2398-E9E2-4190-AF8C-2FE56BD7FA3B}.Debug|Any CPU.ActiveCfg = Debug|Any CPU
		{4A4A2398-E9E2-4190-AF8C-2FE56BD7FA3B}.Debug|Any CPU.Build.0 = Debug|Any CPU
		{4A4A2398-E9E2-4190-AF8C-2FE56BD7FA3B}.Release|Any CPU.ActiveCfg = Release|Any CPU
		{4A4A2398-E9E2-4190-AF8C-2FE56BD7FA3B}.Release|Any CPU.Build.0 = Release|Any CPU
		{DDDAC947-64C6-408B-8601-55AFB2CF1B6A}.Debug|Any CPU.ActiveCfg = Debug|Any CPU
		{DDDAC947-64C6-408B-8601-55AFB2CF1B6A}.Debug|Any CPU.Build.0 = Debug|Any CPU
		{DDDAC947-64C6-408B-8601-55AFB2CF1B6A}.Release|Any CPU.ActiveCfg = Release|Any CPU
		{DDDAC947-64C6-408B-8601-55AFB2CF1B6A}.Release|Any CPU.Build.0 = Release|Any CPU
		{B547B1AA-B1BC-4BE5-B2D3-D800468271FA}.Debug|Any CPU.ActiveCfg = Debug|Any CPU
		{B547B1AA-B1BC-4BE5-B2D3-D800468271FA}.Debug|Any CPU.Build.0 = Debug|Any CPU
		{B547B1AA-B1BC-4BE5-B2D3-D800468271FA}.Release|Any CPU.ActiveCfg = Release|Any CPU
		{B547B1AA-B1BC-4BE5-B2D3-D800468271FA}.Release|Any CPU.Build.0 = Release|Any CPU
		{0CD7F361-4E81-4D9A-BEEC-7859F75CB474}.Debug|Any CPU.ActiveCfg = Debug|Any CPU
		{0CD7F361-4E81-4D9A-BEEC-7859F75CB474}.Debug|Any CPU.Build.0 = Debug|Any CPU
		{0CD7F361-4E81-4D9A-BEEC-7859F75CB474}.Release|Any CPU.ActiveCfg = Release|Any CPU
		{0CD7F361-4E81-4D9A-BEEC-7859F75CB474}.Release|Any CPU.Build.0 = Release|Any CPU
		{4A2A6107-E893-4EA6-87BB-6FE9F88619B9}.Debug|Any CPU.ActiveCfg = Debug|Any CPU
		{4A2A6107-E893-4EA6-87BB-6FE9F88619B9}.Debug|Any CPU.Build.0 = Debug|Any CPU
		{4A2A6107-E893-4EA6-87BB-6FE9F88619B9}.Release|Any CPU.ActiveCfg = Release|Any CPU
		{4A2A6107-E893-4EA6-87BB-6FE9F88619B9}.Release|Any CPU.Build.0 = Release|Any CPU
		{427C3958-A489-4477-AD6D-6D5E752A216B}.Debug|Any CPU.ActiveCfg = Debug|Any CPU
		{427C3958-A489-4477-AD6D-6D5E752A216B}.Debug|Any CPU.Build.0 = Debug|Any CPU
		{427C3958-A489-4477-AD6D-6D5E752A216B}.Release|Any CPU.ActiveCfg = Release|Any CPU
		{427C3958-A489-4477-AD6D-6D5E752A216B}.Release|Any CPU.Build.0 = Release|Any CPU
		{5592CC27-D42B-4673-BD24-D721286B8C28}.Debug|Any CPU.ActiveCfg = Debug|Any CPU
		{5592CC27-D42B-4673-BD24-D721286B8C28}.Debug|Any CPU.Build.0 = Debug|Any CPU
		{5592CC27-D42B-4673-BD24-D721286B8C28}.Release|Any CPU.ActiveCfg = Release|Any CPU
		{5592CC27-D42B-4673-BD24-D721286B8C28}.Release|Any CPU.Build.0 = Release|Any CPU
		{13108E8E-50A5-4A2D-BE9F-2E624F0D2AE3}.Debug|Any CPU.ActiveCfg = Debug|Any CPU
		{13108E8E-50A5-4A2D-BE9F-2E624F0D2AE3}.Debug|Any CPU.Build.0 = Debug|Any CPU
		{13108E8E-50A5-4A2D-BE9F-2E624F0D2AE3}.Release|Any CPU.ActiveCfg = Release|Any CPU
		{13108E8E-50A5-4A2D-BE9F-2E624F0D2AE3}.Release|Any CPU.Build.0 = Release|Any CPU
		{B79EE094-142A-45DD-9E86-229319227F5E}.Debug|Any CPU.ActiveCfg = Debug|Any CPU
		{B79EE094-142A-45DD-9E86-229319227F5E}.Debug|Any CPU.Build.0 = Debug|Any CPU
		{B79EE094-142A-45DD-9E86-229319227F5E}.Release|Any CPU.ActiveCfg = Release|Any CPU
		{B79EE094-142A-45DD-9E86-229319227F5E}.Release|Any CPU.Build.0 = Release|Any CPU
		{16F7E7DC-AA11-4127-85DE-0B4115E162E4}.Debug|Any CPU.ActiveCfg = Debug|Any CPU
		{16F7E7DC-AA11-4127-85DE-0B4115E162E4}.Debug|Any CPU.Build.0 = Debug|Any CPU
		{16F7E7DC-AA11-4127-85DE-0B4115E162E4}.Release|Any CPU.ActiveCfg = Release|Any CPU
		{16F7E7DC-AA11-4127-85DE-0B4115E162E4}.Release|Any CPU.Build.0 = Release|Any CPU
		{AAF0D820-B07C-475A-9E83-51CEFC2BD625}.Debug|Any CPU.ActiveCfg = Debug|Any CPU
		{AAF0D820-B07C-475A-9E83-51CEFC2BD625}.Debug|Any CPU.Build.0 = Debug|Any CPU
		{AAF0D820-B07C-475A-9E83-51CEFC2BD625}.Release|Any CPU.ActiveCfg = Release|Any CPU
		{AAF0D820-B07C-475A-9E83-51CEFC2BD625}.Release|Any CPU.Build.0 = Release|Any CPU
		{3E283834-0D37-48EB-A2D7-8A1DC996DDAF}.Debug|Any CPU.ActiveCfg = Debug|Any CPU
		{3E283834-0D37-48EB-A2D7-8A1DC996DDAF}.Debug|Any CPU.Build.0 = Debug|Any CPU
		{3E283834-0D37-48EB-A2D7-8A1DC996DDAF}.Release|Any CPU.ActiveCfg = Release|Any CPU
		{3E283834-0D37-48EB-A2D7-8A1DC996DDAF}.Release|Any CPU.Build.0 = Release|Any CPU
		{B933DBE9-1AD0-4CD3-8630-FCFCA08EB7E6}.Debug|Any CPU.ActiveCfg = Debug|Any CPU
		{B933DBE9-1AD0-4CD3-8630-FCFCA08EB7E6}.Debug|Any CPU.Build.0 = Debug|Any CPU
		{B933DBE9-1AD0-4CD3-8630-FCFCA08EB7E6}.Release|Any CPU.ActiveCfg = Release|Any CPU
		{B933DBE9-1AD0-4CD3-8630-FCFCA08EB7E6}.Release|Any CPU.Build.0 = Release|Any CPU
		{7FA06BB6-5ACF-4238-98EA-75D193131173}.Debug|Any CPU.ActiveCfg = Debug|Any CPU
		{7FA06BB6-5ACF-4238-98EA-75D193131173}.Debug|Any CPU.Build.0 = Debug|Any CPU
		{7FA06BB6-5ACF-4238-98EA-75D193131173}.Release|Any CPU.ActiveCfg = Release|Any CPU
		{7FA06BB6-5ACF-4238-98EA-75D193131173}.Release|Any CPU.Build.0 = Release|Any CPU
		{5812BC7F-366C-400A-87C3-DB77B1F18B2A}.Debug|Any CPU.ActiveCfg = Debug|Any CPU
		{5812BC7F-366C-400A-87C3-DB77B1F18B2A}.Debug|Any CPU.Build.0 = Debug|Any CPU
		{5812BC7F-366C-400A-87C3-DB77B1F18B2A}.Release|Any CPU.ActiveCfg = Release|Any CPU
		{5812BC7F-366C-400A-87C3-DB77B1F18B2A}.Release|Any CPU.Build.0 = Release|Any CPU
		{1F231969-14EC-4D00-B350-54FD7DAF95D9}.Debug|Any CPU.ActiveCfg = Debug|Any CPU
		{1F231969-14EC-4D00-B350-54FD7DAF95D9}.Debug|Any CPU.Build.0 = Debug|Any CPU
		{1F231969-14EC-4D00-B350-54FD7DAF95D9}.Release|Any CPU.ActiveCfg = Release|Any CPU
		{1F231969-14EC-4D00-B350-54FD7DAF95D9}.Release|Any CPU.Build.0 = Release|Any CPU
		{64BDE30B-BB9B-47F2-92B7-434C9D0D6669}.Debug|Any CPU.ActiveCfg = Debug|Any CPU
		{64BDE30B-BB9B-47F2-92B7-434C9D0D6669}.Debug|Any CPU.Build.0 = Debug|Any CPU
		{64BDE30B-BB9B-47F2-92B7-434C9D0D6669}.Release|Any CPU.ActiveCfg = Release|Any CPU
		{64BDE30B-BB9B-47F2-92B7-434C9D0D6669}.Release|Any CPU.Build.0 = Release|Any CPU
		{A699B1DE-6982-40DF-9335-95BCBCBEF835}.Debug|Any CPU.ActiveCfg = Debug|Any CPU
		{A699B1DE-6982-40DF-9335-95BCBCBEF835}.Debug|Any CPU.Build.0 = Debug|Any CPU
		{A699B1DE-6982-40DF-9335-95BCBCBEF835}.Release|Any CPU.ActiveCfg = Release|Any CPU
		{A699B1DE-6982-40DF-9335-95BCBCBEF835}.Release|Any CPU.Build.0 = Release|Any CPU
		{17C690EF-23C0-4124-B85F-9C439A57AFCB}.Debug|Any CPU.ActiveCfg = Debug|Any CPU
		{17C690EF-23C0-4124-B85F-9C439A57AFCB}.Debug|Any CPU.Build.0 = Debug|Any CPU
		{17C690EF-23C0-4124-B85F-9C439A57AFCB}.Release|Any CPU.ActiveCfg = Release|Any CPU
		{17C690EF-23C0-4124-B85F-9C439A57AFCB}.Release|Any CPU.Build.0 = Release|Any CPU
		{B4D40135-BCB1-4D27-82EA-70A5504C7821}.Debug|Any CPU.ActiveCfg = Debug|Any CPU
		{B4D40135-BCB1-4D27-82EA-70A5504C7821}.Debug|Any CPU.Build.0 = Debug|Any CPU
		{B4D40135-BCB1-4D27-82EA-70A5504C7821}.Release|Any CPU.ActiveCfg = Release|Any CPU
		{B4D40135-BCB1-4D27-82EA-70A5504C7821}.Release|Any CPU.Build.0 = Release|Any CPU
		{41A864D9-140E-4D64-91FE-2E745542A470}.Debug|Any CPU.ActiveCfg = Debug|Any CPU
		{41A864D9-140E-4D64-91FE-2E745542A470}.Debug|Any CPU.Build.0 = Debug|Any CPU
		{41A864D9-140E-4D64-91FE-2E745542A470}.Release|Any CPU.ActiveCfg = Release|Any CPU
		{41A864D9-140E-4D64-91FE-2E745542A470}.Release|Any CPU.Build.0 = Release|Any CPU
		{A42A8ED9-38A3-40C1-B908-92420A5B521F}.Debug|Any CPU.ActiveCfg = Debug|Any CPU
		{A42A8ED9-38A3-40C1-B908-92420A5B521F}.Debug|Any CPU.Build.0 = Debug|Any CPU
		{A42A8ED9-38A3-40C1-B908-92420A5B521F}.Release|Any CPU.ActiveCfg = Release|Any CPU
		{A42A8ED9-38A3-40C1-B908-92420A5B521F}.Release|Any CPU.Build.0 = Release|Any CPU
		{90DAA808-988A-44C0-8386-A2DAD047A633}.Debug|Any CPU.ActiveCfg = Debug|Any CPU
		{90DAA808-988A-44C0-8386-A2DAD047A633}.Debug|Any CPU.Build.0 = Debug|Any CPU
		{90DAA808-988A-44C0-8386-A2DAD047A633}.Release|Any CPU.ActiveCfg = Release|Any CPU
		{90DAA808-988A-44C0-8386-A2DAD047A633}.Release|Any CPU.Build.0 = Release|Any CPU
		{A63D7991-C187-43F3-9F52-8BC23F91FE7C}.Debug|Any CPU.ActiveCfg = Debug|Any CPU
		{A63D7991-C187-43F3-9F52-8BC23F91FE7C}.Debug|Any CPU.Build.0 = Debug|Any CPU
		{A63D7991-C187-43F3-9F52-8BC23F91FE7C}.Release|Any CPU.ActiveCfg = Release|Any CPU
		{A63D7991-C187-43F3-9F52-8BC23F91FE7C}.Release|Any CPU.Build.0 = Release|Any CPU
		{4CB88AAB-3109-49F9-A5B9-958AF5CB32E5}.Debug|Any CPU.ActiveCfg = Debug|Any CPU
		{4CB88AAB-3109-49F9-A5B9-958AF5CB32E5}.Debug|Any CPU.Build.0 = Debug|Any CPU
		{4CB88AAB-3109-49F9-A5B9-958AF5CB32E5}.Release|Any CPU.ActiveCfg = Release|Any CPU
		{4CB88AAB-3109-49F9-A5B9-958AF5CB32E5}.Release|Any CPU.Build.0 = Release|Any CPU
		{5CB6B976-B21F-421D-9D4D-5A26013F6D13}.Debug|Any CPU.ActiveCfg = Debug|Any CPU
		{5CB6B976-B21F-421D-9D4D-5A26013F6D13}.Debug|Any CPU.Build.0 = Debug|Any CPU
		{5CB6B976-B21F-421D-9D4D-5A26013F6D13}.Release|Any CPU.ActiveCfg = Release|Any CPU
		{5CB6B976-B21F-421D-9D4D-5A26013F6D13}.Release|Any CPU.Build.0 = Release|Any CPU
		{77F250E8-2EF8-4DFA-B054-138761BF0CE4}.Debug|Any CPU.ActiveCfg = Debug|Any CPU
		{77F250E8-2EF8-4DFA-B054-138761BF0CE4}.Debug|Any CPU.Build.0 = Debug|Any CPU
		{77F250E8-2EF8-4DFA-B054-138761BF0CE4}.Release|Any CPU.ActiveCfg = Release|Any CPU
		{77F250E8-2EF8-4DFA-B054-138761BF0CE4}.Release|Any CPU.Build.0 = Release|Any CPU
		{8DEB9828-4748-42AF-8E2C-D0D28044FE3D}.Debug|Any CPU.ActiveCfg = Debug|Any CPU
		{8DEB9828-4748-42AF-8E2C-D0D28044FE3D}.Debug|Any CPU.Build.0 = Debug|Any CPU
		{8DEB9828-4748-42AF-8E2C-D0D28044FE3D}.Release|Any CPU.ActiveCfg = Release|Any CPU
		{8DEB9828-4748-42AF-8E2C-D0D28044FE3D}.Release|Any CPU.Build.0 = Release|Any CPU
		{CFD65859-E304-4E66-8561-52080FA81612}.Debug|Any CPU.ActiveCfg = Debug|Any CPU
		{CFD65859-E304-4E66-8561-52080FA81612}.Debug|Any CPU.Build.0 = Debug|Any CPU
		{CFD65859-E304-4E66-8561-52080FA81612}.Release|Any CPU.ActiveCfg = Release|Any CPU
		{CFD65859-E304-4E66-8561-52080FA81612}.Release|Any CPU.Build.0 = Release|Any CPU
		{FAECC0EF-D3BF-4017-B1D8-33A9CBB4F25B}.Debug|Any CPU.ActiveCfg = Debug|Any CPU
		{FAECC0EF-D3BF-4017-B1D8-33A9CBB4F25B}.Debug|Any CPU.Build.0 = Debug|Any CPU
		{FAECC0EF-D3BF-4017-B1D8-33A9CBB4F25B}.Release|Any CPU.ActiveCfg = Release|Any CPU
		{FAECC0EF-D3BF-4017-B1D8-33A9CBB4F25B}.Release|Any CPU.Build.0 = Release|Any CPU
		{BE08FA3D-E127-4DF4-B0D1-8E194048C986}.Debug|Any CPU.ActiveCfg = Debug|Any CPU
		{BE08FA3D-E127-4DF4-B0D1-8E194048C986}.Debug|Any CPU.Build.0 = Debug|Any CPU
		{BE08FA3D-E127-4DF4-B0D1-8E194048C986}.Release|Any CPU.ActiveCfg = Release|Any CPU
		{BE08FA3D-E127-4DF4-B0D1-8E194048C986}.Release|Any CPU.Build.0 = Release|Any CPU
		{B34FAE93-6DFD-446E-8631-90E56F808E79}.Debug|Any CPU.ActiveCfg = Debug|Any CPU
		{B34FAE93-6DFD-446E-8631-90E56F808E79}.Debug|Any CPU.Build.0 = Debug|Any CPU
		{B34FAE93-6DFD-446E-8631-90E56F808E79}.Release|Any CPU.ActiveCfg = Release|Any CPU
		{B34FAE93-6DFD-446E-8631-90E56F808E79}.Release|Any CPU.Build.0 = Release|Any CPU
		{369F8983-863E-42A6-8D3D-94D4766479C2}.Debug|Any CPU.ActiveCfg = Debug|Any CPU
		{369F8983-863E-42A6-8D3D-94D4766479C2}.Debug|Any CPU.Build.0 = Debug|Any CPU
		{369F8983-863E-42A6-8D3D-94D4766479C2}.Release|Any CPU.ActiveCfg = Release|Any CPU
		{369F8983-863E-42A6-8D3D-94D4766479C2}.Release|Any CPU.Build.0 = Release|Any CPU
		{C0FEFA2A-618B-42F2-818B-9ED209D4F0BA}.Debug|Any CPU.ActiveCfg = Debug|Any CPU
		{C0FEFA2A-618B-42F2-818B-9ED209D4F0BA}.Debug|Any CPU.Build.0 = Debug|Any CPU
		{C0FEFA2A-618B-42F2-818B-9ED209D4F0BA}.Release|Any CPU.ActiveCfg = Release|Any CPU
		{C0FEFA2A-618B-42F2-818B-9ED209D4F0BA}.Release|Any CPU.Build.0 = Release|Any CPU
		{603941FD-15BD-4FC9-8E66-E942ED3B0DD6}.Debug|Any CPU.ActiveCfg = Debug|Any CPU
		{603941FD-15BD-4FC9-8E66-E942ED3B0DD6}.Debug|Any CPU.Build.0 = Debug|Any CPU
		{603941FD-15BD-4FC9-8E66-E942ED3B0DD6}.Release|Any CPU.ActiveCfg = Release|Any CPU
		{603941FD-15BD-4FC9-8E66-E942ED3B0DD6}.Release|Any CPU.Build.0 = Release|Any CPU
		{099D5299-47FA-43E7-BA67-95CDE979C278}.Debug|Any CPU.ActiveCfg = Debug|Any CPU
		{099D5299-47FA-43E7-BA67-95CDE979C278}.Debug|Any CPU.Build.0 = Debug|Any CPU
		{099D5299-47FA-43E7-BA67-95CDE979C278}.Release|Any CPU.ActiveCfg = Release|Any CPU
		{099D5299-47FA-43E7-BA67-95CDE979C278}.Release|Any CPU.Build.0 = Release|Any CPU
		{BCC58607-BF29-4D9A-AF7A-408132261D3A}.Debug|Any CPU.ActiveCfg = Debug|Any CPU
		{BCC58607-BF29-4D9A-AF7A-408132261D3A}.Debug|Any CPU.Build.0 = Debug|Any CPU
		{BCC58607-BF29-4D9A-AF7A-408132261D3A}.Release|Any CPU.ActiveCfg = Release|Any CPU
		{BCC58607-BF29-4D9A-AF7A-408132261D3A}.Release|Any CPU.Build.0 = Release|Any CPU
		{C181AED2-B663-4218-A2F7-862F7B46E25D}.Debug|Any CPU.ActiveCfg = Debug|Any CPU
		{C181AED2-B663-4218-A2F7-862F7B46E25D}.Debug|Any CPU.Build.0 = Debug|Any CPU
		{C181AED2-B663-4218-A2F7-862F7B46E25D}.Release|Any CPU.ActiveCfg = Release|Any CPU
		{C181AED2-B663-4218-A2F7-862F7B46E25D}.Release|Any CPU.Build.0 = Release|Any CPU
		{DAFC5B1A-EA6B-4F70-A1DD-E9CD938C6396}.Debug|Any CPU.ActiveCfg = Debug|Any CPU
		{DAFC5B1A-EA6B-4F70-A1DD-E9CD938C6396}.Debug|Any CPU.Build.0 = Debug|Any CPU
		{DAFC5B1A-EA6B-4F70-A1DD-E9CD938C6396}.Release|Any CPU.ActiveCfg = Release|Any CPU
		{DAFC5B1A-EA6B-4F70-A1DD-E9CD938C6396}.Release|Any CPU.Build.0 = Release|Any CPU
		{F367F219-BA55-40A9-8259-9DF862B0474B}.Debug|Any CPU.ActiveCfg = Debug|Any CPU
		{F367F219-BA55-40A9-8259-9DF862B0474B}.Debug|Any CPU.Build.0 = Debug|Any CPU
		{F367F219-BA55-40A9-8259-9DF862B0474B}.Release|Any CPU.ActiveCfg = Release|Any CPU
		{F367F219-BA55-40A9-8259-9DF862B0474B}.Release|Any CPU.Build.0 = Release|Any CPU
		{18DF2E3F-3E86-4267-9956-E924C105BBB9}.Debug|Any CPU.ActiveCfg = Debug|Any CPU
		{18DF2E3F-3E86-4267-9956-E924C105BBB9}.Debug|Any CPU.Build.0 = Debug|Any CPU
		{18DF2E3F-3E86-4267-9956-E924C105BBB9}.Release|Any CPU.ActiveCfg = Release|Any CPU
		{18DF2E3F-3E86-4267-9956-E924C105BBB9}.Release|Any CPU.Build.0 = Release|Any CPU
		{5B830E4D-9354-4F8F-801C-34E6830A1B49}.Debug|Any CPU.ActiveCfg = Debug|Any CPU
		{5B830E4D-9354-4F8F-801C-34E6830A1B49}.Debug|Any CPU.Build.0 = Debug|Any CPU
		{5B830E4D-9354-4F8F-801C-34E6830A1B49}.Release|Any CPU.ActiveCfg = Release|Any CPU
		{5B830E4D-9354-4F8F-801C-34E6830A1B49}.Release|Any CPU.Build.0 = Release|Any CPU
		{9F71343A-381E-4071-95D4-0050AD0F5F40}.Debug|Any CPU.ActiveCfg = Debug|Any CPU
		{9F71343A-381E-4071-95D4-0050AD0F5F40}.Debug|Any CPU.Build.0 = Debug|Any CPU
		{9F71343A-381E-4071-95D4-0050AD0F5F40}.Release|Any CPU.ActiveCfg = Release|Any CPU
		{9F71343A-381E-4071-95D4-0050AD0F5F40}.Release|Any CPU.Build.0 = Release|Any CPU
		{4F61A8E2-72F4-40A8-8F83-E7008DF5463E}.Debug|Any CPU.ActiveCfg = Debug|Any CPU
		{4F61A8E2-72F4-40A8-8F83-E7008DF5463E}.Debug|Any CPU.Build.0 = Debug|Any CPU
		{4F61A8E2-72F4-40A8-8F83-E7008DF5463E}.Release|Any CPU.ActiveCfg = Release|Any CPU
		{4F61A8E2-72F4-40A8-8F83-E7008DF5463E}.Release|Any CPU.Build.0 = Release|Any CPU
		{044A7AE2-3D6F-42CE-903B-A5A29A5F1027}.Debug|Any CPU.ActiveCfg = Debug|Any CPU
		{044A7AE2-3D6F-42CE-903B-A5A29A5F1027}.Debug|Any CPU.Build.0 = Debug|Any CPU
		{044A7AE2-3D6F-42CE-903B-A5A29A5F1027}.Release|Any CPU.ActiveCfg = Release|Any CPU
		{044A7AE2-3D6F-42CE-903B-A5A29A5F1027}.Release|Any CPU.Build.0 = Release|Any CPU
		{FA2925B6-7EB3-4C3E-9CF3-1DF4C3EDA6A3}.Debug|Any CPU.ActiveCfg = Debug|Any CPU
		{FA2925B6-7EB3-4C3E-9CF3-1DF4C3EDA6A3}.Debug|Any CPU.Build.0 = Debug|Any CPU
		{FA2925B6-7EB3-4C3E-9CF3-1DF4C3EDA6A3}.Release|Any CPU.ActiveCfg = Release|Any CPU
		{FA2925B6-7EB3-4C3E-9CF3-1DF4C3EDA6A3}.Release|Any CPU.Build.0 = Release|Any CPU
		{751F6EF6-9D59-49D9-B2EA-4D070B4A5A91}.Debug|Any CPU.ActiveCfg = Debug|Any CPU
		{751F6EF6-9D59-49D9-B2EA-4D070B4A5A91}.Debug|Any CPU.Build.0 = Debug|Any CPU
		{751F6EF6-9D59-49D9-B2EA-4D070B4A5A91}.Release|Any CPU.ActiveCfg = Release|Any CPU
		{751F6EF6-9D59-49D9-B2EA-4D070B4A5A91}.Release|Any CPU.Build.0 = Release|Any CPU
		{3546AC2A-55E6-4C7A-9C42-94ACA637CB4C}.Debug|Any CPU.ActiveCfg = Debug|Any CPU
		{3546AC2A-55E6-4C7A-9C42-94ACA637CB4C}.Debug|Any CPU.Build.0 = Debug|Any CPU
		{3546AC2A-55E6-4C7A-9C42-94ACA637CB4C}.Release|Any CPU.ActiveCfg = Release|Any CPU
		{3546AC2A-55E6-4C7A-9C42-94ACA637CB4C}.Release|Any CPU.Build.0 = Release|Any CPU
		{202CC5B3-7A10-420A-8998-2E3A2F12BA8C}.Debug|Any CPU.ActiveCfg = Debug|Any CPU
		{202CC5B3-7A10-420A-8998-2E3A2F12BA8C}.Debug|Any CPU.Build.0 = Debug|Any CPU
		{202CC5B3-7A10-420A-8998-2E3A2F12BA8C}.Release|Any CPU.ActiveCfg = Release|Any CPU
		{202CC5B3-7A10-420A-8998-2E3A2F12BA8C}.Release|Any CPU.Build.0 = Release|Any CPU
		{35BFDA69-3BE1-4D59-9630-D610203C2D7F}.Debug|Any CPU.ActiveCfg = Debug|Any CPU
		{35BFDA69-3BE1-4D59-9630-D610203C2D7F}.Debug|Any CPU.Build.0 = Debug|Any CPU
		{35BFDA69-3BE1-4D59-9630-D610203C2D7F}.Release|Any CPU.ActiveCfg = Release|Any CPU
		{35BFDA69-3BE1-4D59-9630-D610203C2D7F}.Release|Any CPU.Build.0 = Release|Any CPU
		{4644ACA7-866A-4BE3-AEED-D7B91B981301}.Debug|Any CPU.ActiveCfg = Debug|Any CPU
		{4644ACA7-866A-4BE3-AEED-D7B91B981301}.Debug|Any CPU.Build.0 = Debug|Any CPU
		{4644ACA7-866A-4BE3-AEED-D7B91B981301}.Release|Any CPU.ActiveCfg = Release|Any CPU
		{4644ACA7-866A-4BE3-AEED-D7B91B981301}.Release|Any CPU.Build.0 = Release|Any CPU
		{9969A4B8-49F3-44D9-BDFA-069B7A173D74}.Debug|Any CPU.ActiveCfg = Debug|Any CPU
		{9969A4B8-49F3-44D9-BDFA-069B7A173D74}.Debug|Any CPU.Build.0 = Debug|Any CPU
		{9969A4B8-49F3-44D9-BDFA-069B7A173D74}.Release|Any CPU.ActiveCfg = Release|Any CPU
		{9969A4B8-49F3-44D9-BDFA-069B7A173D74}.Release|Any CPU.Build.0 = Release|Any CPU
		{05B77670-8176-4AB9-AA0C-2D35678DF55B}.Debug|Any CPU.ActiveCfg = Debug|Any CPU
		{05B77670-8176-4AB9-AA0C-2D35678DF55B}.Debug|Any CPU.Build.0 = Debug|Any CPU
		{05B77670-8176-4AB9-AA0C-2D35678DF55B}.Release|Any CPU.ActiveCfg = Release|Any CPU
		{05B77670-8176-4AB9-AA0C-2D35678DF55B}.Release|Any CPU.Build.0 = Release|Any CPU
		{B9A4049A-3D3E-4CD9-8854-95F3B25D8140}.Debug|Any CPU.ActiveCfg = Debug|Any CPU
		{B9A4049A-3D3E-4CD9-8854-95F3B25D8140}.Debug|Any CPU.Build.0 = Debug|Any CPU
		{B9A4049A-3D3E-4CD9-8854-95F3B25D8140}.Release|Any CPU.ActiveCfg = Release|Any CPU
		{B9A4049A-3D3E-4CD9-8854-95F3B25D8140}.Release|Any CPU.Build.0 = Release|Any CPU
		{DE69CFC2-C1E6-4C9B-B794-AB2776C016D4}.Debug|Any CPU.ActiveCfg = Debug|Any CPU
		{DE69CFC2-C1E6-4C9B-B794-AB2776C016D4}.Debug|Any CPU.Build.0 = Debug|Any CPU
		{DE69CFC2-C1E6-4C9B-B794-AB2776C016D4}.Release|Any CPU.ActiveCfg = Release|Any CPU
		{DE69CFC2-C1E6-4C9B-B794-AB2776C016D4}.Release|Any CPU.Build.0 = Release|Any CPU
		{30B33357-4F74-4852-8221-91844771E94F}.Debug|Any CPU.ActiveCfg = Debug|Any CPU
		{30B33357-4F74-4852-8221-91844771E94F}.Debug|Any CPU.Build.0 = Debug|Any CPU
		{30B33357-4F74-4852-8221-91844771E94F}.Release|Any CPU.ActiveCfg = Release|Any CPU
		{30B33357-4F74-4852-8221-91844771E94F}.Release|Any CPU.Build.0 = Release|Any CPU
		{F98EA960-4092-41CD-A169-00418D7948B0}.Debug|Any CPU.ActiveCfg = Debug|Any CPU
		{F98EA960-4092-41CD-A169-00418D7948B0}.Debug|Any CPU.Build.0 = Debug|Any CPU
		{F98EA960-4092-41CD-A169-00418D7948B0}.Release|Any CPU.ActiveCfg = Release|Any CPU
		{F98EA960-4092-41CD-A169-00418D7948B0}.Release|Any CPU.Build.0 = Release|Any CPU
		{84F08358-513D-4567-A35B-4D036624CD22}.Debug|Any CPU.ActiveCfg = Debug|Any CPU
		{84F08358-513D-4567-A35B-4D036624CD22}.Debug|Any CPU.Build.0 = Debug|Any CPU
		{84F08358-513D-4567-A35B-4D036624CD22}.Release|Any CPU.ActiveCfg = Release|Any CPU
		{84F08358-513D-4567-A35B-4D036624CD22}.Release|Any CPU.Build.0 = Release|Any CPU
		{1353296F-ECC2-4B57-B37B-3E000BF57BD0}.Debug|Any CPU.ActiveCfg = Debug|Any CPU
		{1353296F-ECC2-4B57-B37B-3E000BF57BD0}.Debug|Any CPU.Build.0 = Debug|Any CPU
		{1353296F-ECC2-4B57-B37B-3E000BF57BD0}.Release|Any CPU.ActiveCfg = Release|Any CPU
		{1353296F-ECC2-4B57-B37B-3E000BF57BD0}.Release|Any CPU.Build.0 = Release|Any CPU
		{49BBF6F4-C82B-4115-8358-4C78D01B2B3B}.Debug|Any CPU.ActiveCfg = Debug|Any CPU
		{49BBF6F4-C82B-4115-8358-4C78D01B2B3B}.Debug|Any CPU.Build.0 = Debug|Any CPU
		{49BBF6F4-C82B-4115-8358-4C78D01B2B3B}.Release|Any CPU.ActiveCfg = Release|Any CPU
		{49BBF6F4-C82B-4115-8358-4C78D01B2B3B}.Release|Any CPU.Build.0 = Release|Any CPU
		{4A656B53-95A1-4EDB-8D2B-74B06439F25B}.Debug|Any CPU.ActiveCfg = Debug|Any CPU
		{4A656B53-95A1-4EDB-8D2B-74B06439F25B}.Debug|Any CPU.Build.0 = Debug|Any CPU
		{4A656B53-95A1-4EDB-8D2B-74B06439F25B}.Release|Any CPU.ActiveCfg = Release|Any CPU
		{4A656B53-95A1-4EDB-8D2B-74B06439F25B}.Release|Any CPU.Build.0 = Release|Any CPU
		{57F1E49E-FBF1-4068-B341-C64310083149}.Debug|Any CPU.ActiveCfg = Debug|Any CPU
		{57F1E49E-FBF1-4068-B341-C64310083149}.Debug|Any CPU.Build.0 = Debug|Any CPU
		{57F1E49E-FBF1-4068-B341-C64310083149}.Release|Any CPU.ActiveCfg = Release|Any CPU
		{57F1E49E-FBF1-4068-B341-C64310083149}.Release|Any CPU.Build.0 = Release|Any CPU
		{F49687AF-1E50-42D6-A75C-F69115B3467E}.Debug|Any CPU.ActiveCfg = Debug|Any CPU
		{F49687AF-1E50-42D6-A75C-F69115B3467E}.Debug|Any CPU.Build.0 = Debug|Any CPU
		{F49687AF-1E50-42D6-A75C-F69115B3467E}.Release|Any CPU.ActiveCfg = Release|Any CPU
		{F49687AF-1E50-42D6-A75C-F69115B3467E}.Release|Any CPU.Build.0 = Release|Any CPU
		{4A0FB2C0-54A5-4CF1-BBC9-E4B90852AF3E}.Debug|Any CPU.ActiveCfg = Debug|Any CPU
		{4A0FB2C0-54A5-4CF1-BBC9-E4B90852AF3E}.Debug|Any CPU.Build.0 = Debug|Any CPU
		{4A0FB2C0-54A5-4CF1-BBC9-E4B90852AF3E}.Release|Any CPU.ActiveCfg = Release|Any CPU
		{4A0FB2C0-54A5-4CF1-BBC9-E4B90852AF3E}.Release|Any CPU.Build.0 = Release|Any CPU
		{1D241ECB-DA54-4335-A1CB-AAFB8DFFC3FA}.Debug|Any CPU.ActiveCfg = Debug|Any CPU
		{1D241ECB-DA54-4335-A1CB-AAFB8DFFC3FA}.Debug|Any CPU.Build.0 = Debug|Any CPU
		{1D241ECB-DA54-4335-A1CB-AAFB8DFFC3FA}.Release|Any CPU.ActiveCfg = Release|Any CPU
		{1D241ECB-DA54-4335-A1CB-AAFB8DFFC3FA}.Release|Any CPU.Build.0 = Release|Any CPU
		{F8E2FE1B-D93A-4404-BEE1-240B6E52BAD5}.Debug|Any CPU.ActiveCfg = Debug|Any CPU
		{F8E2FE1B-D93A-4404-BEE1-240B6E52BAD5}.Debug|Any CPU.Build.0 = Debug|Any CPU
		{F8E2FE1B-D93A-4404-BEE1-240B6E52BAD5}.Release|Any CPU.ActiveCfg = Release|Any CPU
		{F8E2FE1B-D93A-4404-BEE1-240B6E52BAD5}.Release|Any CPU.Build.0 = Release|Any CPU
		{D5DC3475-71B4-4609-870C-3DFBCB41E7C6}.Debug|Any CPU.ActiveCfg = Debug|Any CPU
		{D5DC3475-71B4-4609-870C-3DFBCB41E7C6}.Debug|Any CPU.Build.0 = Debug|Any CPU
		{D5DC3475-71B4-4609-870C-3DFBCB41E7C6}.Release|Any CPU.ActiveCfg = Release|Any CPU
		{D5DC3475-71B4-4609-870C-3DFBCB41E7C6}.Release|Any CPU.Build.0 = Release|Any CPU
		{CC17F1AB-4D1C-4962-A3FA-7A5FF86EB5F2}.Debug|Any CPU.ActiveCfg = Debug|Any CPU
		{CC17F1AB-4D1C-4962-A3FA-7A5FF86EB5F2}.Debug|Any CPU.Build.0 = Debug|Any CPU
		{CC17F1AB-4D1C-4962-A3FA-7A5FF86EB5F2}.Release|Any CPU.ActiveCfg = Release|Any CPU
		{CC17F1AB-4D1C-4962-A3FA-7A5FF86EB5F2}.Release|Any CPU.Build.0 = Release|Any CPU
	EndGlobalSection
	GlobalSection(SolutionProperties) = preSolution
		HideSolutionNode = FALSE
	EndGlobalSection
	GlobalSection(NestedProjects) = preSolution
		{F8257899-03E9-47AF-9964-25540859FFCA} = {E4B26444-4615-45BA-912C-5E774A46E557}
		{4613FB0B-CDF3-41DA-8994-E9FB39D1165E} = {F8257899-03E9-47AF-9964-25540859FFCA}
		{4A465B00-B480-4B14-AF44-4932E10A5472} = {35E87AE7-5DA5-4310-9556-DB9DF22E045B}
		{35E87AE7-5DA5-4310-9556-DB9DF22E045B} = {C11F4604-5531-4AF7-AA3C-6DEA0285EB49}
		{2F2077E6-4D4D-48DC-B843-1DBAEFF69683} = {35E87AE7-5DA5-4310-9556-DB9DF22E045B}
		{73A08222-D929-46E0-9627-D5F32E8051E4} = {35E87AE7-5DA5-4310-9556-DB9DF22E045B}
		{29C8570C-42CC-4244-8C98-93AF8DE85341} = {35E87AE7-5DA5-4310-9556-DB9DF22E045B}
		{85F7408A-DA4F-41E7-916F-8DD804109646} = {35E87AE7-5DA5-4310-9556-DB9DF22E045B}
		{06C88B00-09CB-4FCF-8AB4-3EC56E9A746A} = {35E87AE7-5DA5-4310-9556-DB9DF22E045B}
		{9588B58E-8850-4F44-8ACD-7343AB80D564} = {F8257899-03E9-47AF-9964-25540859FFCA}
		{40C4A564-1AD7-43D0-A5E7-05D8A79F2BDE} = {C11F4604-5531-4AF7-AA3C-6DEA0285EB49}
		{93329080-81B4-40A6-84EE-8580CBB15325} = {40C4A564-1AD7-43D0-A5E7-05D8A79F2BDE}
		{1883B327-5B10-43C1-9A0F-5BA0CE5138A4} = {40C4A564-1AD7-43D0-A5E7-05D8A79F2BDE}
		{FE9DF63E-6A21-4850-BBC3-D892F5599701} = {340E0738-DDBF-43DD-A100-45EEE2A55E90}
		{5798D66E-9D8E-4687-B72D-F76ACC523903} = {FE9DF63E-6A21-4850-BBC3-D892F5599701}
		{070E64E1-3817-479E-978B-A2DB71D603BF} = {FE9DF63E-6A21-4850-BBC3-D892F5599701}
		{343AB020-C017-4706-A221-BC638B0F7E61} = {340E0738-DDBF-43DD-A100-45EEE2A55E90}
		{13D9584D-A003-4443-89D5-01CAC89B87ED} = {343AB020-C017-4706-A221-BC638B0F7E61}
		{14BDA6AD-51A2-48C3-9087-E2DC928C5AC5} = {343AB020-C017-4706-A221-BC638B0F7E61}
		{4BFE2A16-DC0D-4AA7-B5F3-0037481FF809} = {DD870A81-D1B0-45D6-8FA2-B57106BD3430}
		{FBF1DE18-F878-4305-8DDD-3CCF3CAB2D28} = {4BFE2A16-DC0D-4AA7-B5F3-0037481FF809}
		{75EA0C61-07EB-4ECB-AED8-81FDAAE4F7CD} = {4BFE2A16-DC0D-4AA7-B5F3-0037481FF809}
		{297CCBAD-5D16-4810-BD20-79B9D870C82B} = {DD870A81-D1B0-45D6-8FA2-B57106BD3430}
		{C3F9C8B6-48D3-4AD8-928D-561281436485} = {297CCBAD-5D16-4810-BD20-79B9D870C82B}
		{3FD492F8-3199-4EE2-B80F-028C958A85A4} = {297CCBAD-5D16-4810-BD20-79B9D870C82B}
		{6802C5DF-FCA5-4299-A019-92ED904F1B38} = {AE7F8838-5762-45E2-A5E8-4350469B7CDF}
		{466FE6AE-5A3C-411E-8D09-48A6EA5C3D5F} = {3FBBA94F-75B5-48F3-A3AB-964828E6E8AF}
		{C97A8081-8559-40DE-A3E8-DE0BF870B691} = {6802C5DF-FCA5-4299-A019-92ED904F1B38}
		{340CBE41-38FF-4638-8F22-8EEB8ED2F7E0} = {AE7F8838-5762-45E2-A5E8-4350469B7CDF}
		{93693F55-9EA8-49FA-9349-996372CC2870} = {340CBE41-38FF-4638-8F22-8EEB8ED2F7E0}
		{6FD96DE8-0234-4571-B601-637598111CFE} = {340CBE41-38FF-4638-8F22-8EEB8ED2F7E0}
		{8949524A-3FA4-4B52-8CC7-BBA63EC99B46} = {AAC45E5A-D819-462F-80B3-3F00F802E162}
		{7450B575-84B0-477A-802F-0F4695DF8A1C} = {94756443-248D-4514-8D9D-540AEAC70A20}
		{063DB906-EF50-4866-B8DC-25C78279864B} = {7450B575-84B0-477A-802F-0F4695DF8A1C}
		{18A0C668-32F0-407F-818B-2466DC3DC264} = {7DF6E9C8-182F-4BE0-8749-3ED47D62E58A}
		{18BFE868-01E2-424F-86E0-69F7579A7962} = {18A0C668-32F0-407F-818B-2466DC3DC264}
		{5C029E50-9D9A-4A52-AE61-AFCFC4682988} = {18A0C668-32F0-407F-818B-2466DC3DC264}
		{78EB5C80-33A4-424C-BFB9-4A05B1AC9BCB} = {B0EF8EAA-BE3A-4660-9503-7EE442515DD6}
		{0F10035F-8AF1-4212-8B5A-CC9E6813C0AA} = {78EB5C80-33A4-424C-BFB9-4A05B1AC9BCB}
		{66FC85A6-494F-426E-8ADB-F1A111D3A6AE} = {78EB5C80-33A4-424C-BFB9-4A05B1AC9BCB}
		{248C6F5C-1037-40E5-BAAD-18FFF310B71B} = {78EB5C80-33A4-424C-BFB9-4A05B1AC9BCB}
		{FD580A54-DE1D-44A8-82F6-0A1AE73651D7} = {B0EF8EAA-BE3A-4660-9503-7EE442515DD6}
		{8A12738A-3796-42C7-BCE8-4C8144D02B0E} = {FD580A54-DE1D-44A8-82F6-0A1AE73651D7}
		{D5C69E45-F877-43FF-A16D-826C711553B0} = {FD580A54-DE1D-44A8-82F6-0A1AE73651D7}
		{6CE8E179-F338-4105-9B20-475424B1EF59} = {B0EF8EAA-BE3A-4660-9503-7EE442515DD6}
		{5F766D38-8B6A-4776-9CA9-AD77AAA075C5} = {6CE8E179-F338-4105-9B20-475424B1EF59}
		{6B07A411-74E2-41F1-AE9D-643FDDCF8A91} = {6CE8E179-F338-4105-9B20-475424B1EF59}
		{76858BF0-7735-4D84-87E2-2D2BE99E7E31} = {6CE8E179-F338-4105-9B20-475424B1EF59}
		{873F7250-935F-4B5A-93DA-AD647CF2B231} = {56D5F41C-71FD-480F-8F6A-0CE1DCF38EB6}
		{381168EF-DE75-48B0-9E58-ADA55A924D30} = {873F7250-935F-4B5A-93DA-AD647CF2B231}
		{A566650E-0FC2-49B0-9D22-5E9E8353D85C} = {873F7250-935F-4B5A-93DA-AD647CF2B231}
		{FFCEE53F-DC17-4E61-89E4-244A27D7486D} = {0F7C74B1-F237-4ABD-A4BB-DE887D32402B}
		{2E2F6E62-EFBC-4E9B-A835-284FA7FCD959} = {FFCEE53F-DC17-4E61-89E4-244A27D7486D}
		{5F6EE12B-754A-469B-A3E0-5AAF72AEA273} = {FFCEE53F-DC17-4E61-89E4-244A27D7486D}
		{C4E279BC-8211-482C-B45C-9BBEF1852EB3} = {0F7C74B1-F237-4ABD-A4BB-DE887D32402B}
		{E5FDF3E8-B833-435D-AD80-F162B4EDB20A} = {C4E279BC-8211-482C-B45C-9BBEF1852EB3}
		{B3181462-F9B5-4934-8152-6EC85E0388EE} = {C4E279BC-8211-482C-B45C-9BBEF1852EB3}
		{D91434E1-AF4C-4C68-938B-941F1DE49F3F} = {C4E279BC-8211-482C-B45C-9BBEF1852EB3}
		{F4E3E8F4-DC77-45AD-A982-B014037346F5} = {C4E279BC-8211-482C-B45C-9BBEF1852EB3}
		{ACB58B39-7A5C-4DD6-8BE0-0EE10E2F3CC7} = {0F7C74B1-F237-4ABD-A4BB-DE887D32402B}
		{182873EF-ACAF-4411-B2B6-AFF7C1A65FE1} = {ACB58B39-7A5C-4DD6-8BE0-0EE10E2F3CC7}
		{4A4A2398-E9E2-4190-AF8C-2FE56BD7FA3B} = {ACB58B39-7A5C-4DD6-8BE0-0EE10E2F3CC7}
		{B53F75B1-EA44-4208-AB0B-7A19F0864008} = {38633C9E-E4E1-4961-875E-AC74BB5F2753}
		{DDDAC947-64C6-408B-8601-55AFB2CF1B6A} = {B53F75B1-EA44-4208-AB0B-7A19F0864008}
		{B547B1AA-B1BC-4BE5-B2D3-D800468271FA} = {B53F75B1-EA44-4208-AB0B-7A19F0864008}
		{0CD7F361-4E81-4D9A-BEEC-7859F75CB474} = {B53F75B1-EA44-4208-AB0B-7A19F0864008}
		{5F14BEAD-BD46-485D-A72B-1A1152D916D5} = {38633C9E-E4E1-4961-875E-AC74BB5F2753}
		{4A2A6107-E893-4EA6-87BB-6FE9F88619B9} = {5F14BEAD-BD46-485D-A72B-1A1152D916D5}
		{427C3958-A489-4477-AD6D-6D5E752A216B} = {5F14BEAD-BD46-485D-A72B-1A1152D916D5}
		{28684BA9-63D3-43DE-818F-0B221B4F10D1} = {861081CA-2618-4AFC-A4B9-04325E101CEF}
		{5592CC27-D42B-4673-BD24-D721286B8C28} = {28684BA9-63D3-43DE-818F-0B221B4F10D1}
		{13108E8E-50A5-4A2D-BE9F-2E624F0D2AE3} = {B53F75B1-EA44-4208-AB0B-7A19F0864008}
		{D14054EE-B79E-4A4D-B30D-DD260176E8EF} = {861081CA-2618-4AFC-A4B9-04325E101CEF}
		{B79EE094-142A-45DD-9E86-229319227F5E} = {D14054EE-B79E-4A4D-B30D-DD260176E8EF}
		{16F7E7DC-AA11-4127-85DE-0B4115E162E4} = {D14054EE-B79E-4A4D-B30D-DD260176E8EF}
		{AAF0D820-B07C-475A-9E83-51CEFC2BD625} = {D14054EE-B79E-4A4D-B30D-DD260176E8EF}
		{E2871C39-D63A-45D1-AAB5-2BC13D125816} = {94F92CF3-0A15-491D-8FAB-DB4006A3E0C0}
		{3E283834-0D37-48EB-A2D7-8A1DC996DDAF} = {E2871C39-D63A-45D1-AAB5-2BC13D125816}
		{65FA5480-CC94-4858-9456-EE5CCA8CA918} = {6D014982-6ED0-4B57-A408-C5F8FE17758B}
		{B933DBE9-1AD0-4CD3-8630-FCFCA08EB7E6} = {65FA5480-CC94-4858-9456-EE5CCA8CA918}
		{7FA06BB6-5ACF-4238-98EA-75D193131173} = {65FA5480-CC94-4858-9456-EE5CCA8CA918}
		{D5972F0C-EB9B-4C08-9E38-D6A6E55087A5} = {6D014982-6ED0-4B57-A408-C5F8FE17758B}
		{5812BC7F-366C-400A-87C3-DB77B1F18B2A} = {D5972F0C-EB9B-4C08-9E38-D6A6E55087A5}
		{1F231969-14EC-4D00-B350-54FD7DAF95D9} = {D5972F0C-EB9B-4C08-9E38-D6A6E55087A5}
		{B8215767-7942-4211-B7B4-05B79D23148C} = {E1716DA6-E03A-47E6-9F82-7DEEB075E859}
		{64BDE30B-BB9B-47F2-92B7-434C9D0D6669} = {B8215767-7942-4211-B7B4-05B79D23148C}
		{4FC8E7BE-52D2-4882-A838-108B52ACB742} = {E1716DA6-E03A-47E6-9F82-7DEEB075E859}
		{A699B1DE-6982-40DF-9335-95BCBCBEF835} = {4FC8E7BE-52D2-4882-A838-108B52ACB742}
		{C5FB8C60-142A-4249-B54F-93F3862825C4} = {5466942B-68C7-4A75-BD32-E9EC262558A5}
		{17C690EF-23C0-4124-B85F-9C439A57AFCB} = {C5FB8C60-142A-4249-B54F-93F3862825C4}
		{B4D40135-BCB1-4D27-82EA-70A5504C7821} = {4FC8E7BE-52D2-4882-A838-108B52ACB742}
		{41A864D9-140E-4D64-91FE-2E745542A470} = {A91E8E63-F6BD-4F7B-8BEC-A2A6195813DE}
		{A42A8ED9-38A3-40C1-B908-92420A5B521F} = {A91E8E63-F6BD-4F7B-8BEC-A2A6195813DE}
		{C41D51A8-B7B3-4B31-AA0D-60E991C50876} = {8C67BDF4-890E-4F4C-8A3A-7F3013AAECA5}
		{90DAA808-988A-44C0-8386-A2DAD047A633} = {C41D51A8-B7B3-4B31-AA0D-60E991C50876}
		{D0D08D08-6286-4E1A-A1DC-5F919E66FB91} = {E6E05082-6C2E-42C9-BC01-23D8314B58CC}
		{A63D7991-C187-43F3-9F52-8BC23F91FE7C} = {D0D08D08-6286-4E1A-A1DC-5F919E66FB91}
		{4CB88AAB-3109-49F9-A5B9-958AF5CB32E5} = {C41D51A8-B7B3-4B31-AA0D-60E991C50876}
		{7D30E1B5-65D1-46DA-A457-8C0F54F5AD67} = {E6E05082-6C2E-42C9-BC01-23D8314B58CC}
		{5CB6B976-B21F-421D-9D4D-5A26013F6D13} = {7D30E1B5-65D1-46DA-A457-8C0F54F5AD67}
		{0D67CDBC-8F62-44D9-9612-D2B7A7C8D722} = {C0526143-F9BD-4147-B1B3-82F09C03C108}
		{77F250E8-2EF8-4DFA-B054-138761BF0CE4} = {0D67CDBC-8F62-44D9-9612-D2B7A7C8D722}
		{8DEB9828-4748-42AF-8E2C-D0D28044FE3D} = {0D67CDBC-8F62-44D9-9612-D2B7A7C8D722}
		{CFD65859-E304-4E66-8561-52080FA81612} = {0D67CDBC-8F62-44D9-9612-D2B7A7C8D722}
		{7D452EE4-2DBB-4CC4-8F2C-688E5B6FE0E5} = {DBB78042-69E0-44FB-ADBF-F82763E2AB22}
		{FAECC0EF-D3BF-4017-B1D8-33A9CBB4F25B} = {7D452EE4-2DBB-4CC4-8F2C-688E5B6FE0E5}
		{BE08FA3D-E127-4DF4-B0D1-8E194048C986} = {7D452EE4-2DBB-4CC4-8F2C-688E5B6FE0E5}
		{B34FAE93-6DFD-446E-8631-90E56F808E79} = {7D452EE4-2DBB-4CC4-8F2C-688E5B6FE0E5}
		{369F8983-863E-42A6-8D3D-94D4766479C2} = {7D452EE4-2DBB-4CC4-8F2C-688E5B6FE0E5}
		{C0FEFA2A-618B-42F2-818B-9ED209D4F0BA} = {7D452EE4-2DBB-4CC4-8F2C-688E5B6FE0E5}
		{D5127BC6-59B4-44DC-8BFD-C722975A30EC} = {C0526143-F9BD-4147-B1B3-82F09C03C108}
		{603941FD-15BD-4FC9-8E66-E942ED3B0DD6} = {D5127BC6-59B4-44DC-8BFD-C722975A30EC}
		{38A95315-35E2-417B-AF59-823515E9046F} = {728653F2-9CAF-4F3F-A6B6-C7A18419C1F9}
		{099D5299-47FA-43E7-BA67-95CDE979C278} = {38A95315-35E2-417B-AF59-823515E9046F}
		{BCC58607-BF29-4D9A-AF7A-408132261D3A} = {D5127BC6-59B4-44DC-8BFD-C722975A30EC}
		{132B6BCF-0533-4510-9DB8-D218E0D11E54} = {728653F2-9CAF-4F3F-A6B6-C7A18419C1F9}
		{C181AED2-B663-4218-A2F7-862F7B46E25D} = {132B6BCF-0533-4510-9DB8-D218E0D11E54}
		{DAFC5B1A-EA6B-4F70-A1DD-E9CD938C6396} = {132B6BCF-0533-4510-9DB8-D218E0D11E54}
		{F367F219-BA55-40A9-8259-9DF862B0474B} = {38A95315-35E2-417B-AF59-823515E9046F}
		{18DF2E3F-3E86-4267-9956-E924C105BBB9} = {38A95315-35E2-417B-AF59-823515E9046F}
		{6B528B5D-DBB0-4E48-822C-0662838B0FAA} = {DBB78042-69E0-44FB-ADBF-F82763E2AB22}
		{5B830E4D-9354-4F8F-801C-34E6830A1B49} = {6B528B5D-DBB0-4E48-822C-0662838B0FAA}
		{9F71343A-381E-4071-95D4-0050AD0F5F40} = {6B528B5D-DBB0-4E48-822C-0662838B0FAA}
		{8A1F9223-3E29-40F5-8075-EC0F099FBB7C} = {B65107A5-2C84-4AB6-824A-0CAC95143ED9}
		{4F61A8E2-72F4-40A8-8F83-E7008DF5463E} = {8A1F9223-3E29-40F5-8075-EC0F099FBB7C}
		{044A7AE2-3D6F-42CE-903B-A5A29A5F1027} = {8A1F9223-3E29-40F5-8075-EC0F099FBB7C}
		{7C46F92A-E388-498F-9687-2A8D13A96742} = {B65107A5-2C84-4AB6-824A-0CAC95143ED9}
		{FA2925B6-7EB3-4C3E-9CF3-1DF4C3EDA6A3} = {7C46F92A-E388-498F-9687-2A8D13A96742}
		{BC6315B1-A944-4E9B-9CBC-6D07C08A0572} = {7B241ECA-40FB-4F55-BAFA-76ABDF6579B4}
		{751F6EF6-9D59-49D9-B2EA-4D070B4A5A91} = {BC6315B1-A944-4E9B-9CBC-6D07C08A0572}
		{AFA41AE6-1672-476D-B683-0EC8744CEFD1} = {DBB78042-69E0-44FB-ADBF-F82763E2AB22}
		{3546AC2A-55E6-4C7A-9C42-94ACA637CB4C} = {AFA41AE6-1672-476D-B683-0EC8744CEFD1}
		{3C8C51B2-0966-429C-AD54-9504C85B17EE} = {7B241ECA-40FB-4F55-BAFA-76ABDF6579B4}
		{969CBD82-31D0-464B-A9A2-D5B680BCF017} = {94EB576E-FA29-4E2F-B102-BBFCBC91C7CB}
		{35BFDA69-3BE1-4D59-9630-D610203C2D7F} = {969CBD82-31D0-464B-A9A2-D5B680BCF017}
		{4644ACA7-866A-4BE3-AEED-D7B91B981301} = {969CBD82-31D0-464B-A9A2-D5B680BCF017}
		{28CCC54A-DCAA-4DCB-8CFC-373AD4874878} = {2B560139-75E7-4A8F-AAFE-1C865177390F}
		{9969A4B8-49F3-44D9-BDFA-069B7A173D74} = {28CCC54A-DCAA-4DCB-8CFC-373AD4874878}
		{202CC5B3-7A10-420A-8998-2E3A2F12BA8C} = {3C8C51B2-0966-429C-AD54-9504C85B17EE}
		{35FF33EC-4475-4BF5-961C-197CB5D37D2F} = {94EB576E-FA29-4E2F-B102-BBFCBC91C7CB}
		{05B77670-8176-4AB9-AA0C-2D35678DF55B} = {35FF33EC-4475-4BF5-961C-197CB5D37D2F}
		{B9A4049A-3D3E-4CD9-8854-95F3B25D8140} = {28CCC54A-DCAA-4DCB-8CFC-373AD4874878}
		{5F5259C7-5D6A-44E9-92EA-99C93F123F0A} = {2B560139-75E7-4A8F-AAFE-1C865177390F}
		{DE69CFC2-C1E6-4C9B-B794-AB2776C016D4} = {5F5259C7-5D6A-44E9-92EA-99C93F123F0A}
		{30B33357-4F74-4852-8221-91844771E94F} = {5F5259C7-5D6A-44E9-92EA-99C93F123F0A}
		{4AA17366-5B5F-4311-A02F-781DC1035DB2} = {DBB78042-69E0-44FB-ADBF-F82763E2AB22}
		{F98EA960-4092-41CD-A169-00418D7948B0} = {4AA17366-5B5F-4311-A02F-781DC1035DB2}
		{1C39BFBA-02E3-4B6B-8C4B-10491DB129FD} = {848D271B-EC59-4949-8BF9-C0C990B90D43}
		{84F08358-513D-4567-A35B-4D036624CD22} = {1C39BFBA-02E3-4B6B-8C4B-10491DB129FD}
		{1353296F-ECC2-4B57-B37B-3E000BF57BD0} = {1C39BFBA-02E3-4B6B-8C4B-10491DB129FD}
		{22044B9F-AA49-4BA1-899B-39F3B137CCAF} = {848D271B-EC59-4949-8BF9-C0C990B90D43}
		{3A7547FA-FFA7-4557-9AE0-29F45DBF33FD} = {AAE1824C-C2C7-4CFF-8729-C8B3C3ED1385}
		{49BBF6F4-C82B-4115-8358-4C78D01B2B3B} = {3A7547FA-FFA7-4557-9AE0-29F45DBF33FD}
		{9600BE14-4910-4885-9EBC-325D0FA1E8BD} = {DBB78042-69E0-44FB-ADBF-F82763E2AB22}
		{CD4B1D38-810E-4F60-916A-460B2CFA8795} = {DBB78042-69E0-44FB-ADBF-F82763E2AB22}
		{4A656B53-95A1-4EDB-8D2B-74B06439F25B} = {CD4B1D38-810E-4F60-916A-460B2CFA8795}
		{213520F7-0510-45F4-9DCD-F1D156EE63E0} = {AAE1824C-C2C7-4CFF-8729-C8B3C3ED1385}
		{57F1E49E-FBF1-4068-B341-C64310083149} = {213520F7-0510-45F4-9DCD-F1D156EE63E0}
		{F49687AF-1E50-42D6-A75C-F69115B3467E} = {213520F7-0510-45F4-9DCD-F1D156EE63E0}
		{D9317ABB-E1ED-4512-8B6C-36A8563F8133} = {3CF9CF74-AC14-4513-8EF7-A4895D4AC060}
		{4A0FB2C0-54A5-4CF1-BBC9-E4B90852AF3E} = {D9317ABB-E1ED-4512-8B6C-36A8563F8133}
		{1D241ECB-DA54-4335-A1CB-AAFB8DFFC3FA} = {D9317ABB-E1ED-4512-8B6C-36A8563F8133}
		{28F6A176-B307-49BC-8698-56D5A46F8C79} = {542D382A-121C-4844-BFD7-913BE412E3B7}
		{F8E2FE1B-D93A-4404-BEE1-240B6E52BAD5} = {28F6A176-B307-49BC-8698-56D5A46F8C79}
		{D5DC3475-71B4-4609-870C-3DFBCB41E7C6} = {28F6A176-B307-49BC-8698-56D5A46F8C79}
		{557E4160-22DB-41A3-A76E-5D2B54A1915B} = {542D382A-121C-4844-BFD7-913BE412E3B7}
		{CC17F1AB-4D1C-4962-A3FA-7A5FF86EB5F2} = {557E4160-22DB-41A3-A76E-5D2B54A1915B}
	EndGlobalSection
	GlobalSection(ExtensibilityGlobals) = postSolution
		SolutionGuid = {04CA1428-ADDD-4CED-82D8-CC2BFE4A1D08}
	EndGlobalSection
EndGlobal
